// !$*UTF8*$!
{
	archiveVersion = 1;
	classes = {
	};
	objectVersion = 46;
	objects = {

/* Begin PBXBuildFile section */
		701137E81E05B43D00F74DDF /* TestViewController.m in Sources */ = {isa = PBXBuildFile; fileRef = 701137E71E05B43D00F74DDF /* TestViewController.m */; };
		701138071E05B4CA00F74DDF /* NSData+ImageContentType.m in Sources */ = {isa = PBXBuildFile; fileRef = 701137EB1E05B4CA00F74DDF /* NSData+ImageContentType.m */; };
		701138081E05B4CA00F74DDF /* SDImageCache.m in Sources */ = {isa = PBXBuildFile; fileRef = 701137ED1E05B4CA00F74DDF /* SDImageCache.m */; };
		701138091E05B4CA00F74DDF /* SDWebImageCompat.m in Sources */ = {isa = PBXBuildFile; fileRef = 701137EF1E05B4CA00F74DDF /* SDWebImageCompat.m */; };
		7011380A1E05B4CA00F74DDF /* SDWebImageDecoder.m in Sources */ = {isa = PBXBuildFile; fileRef = 701137F11E05B4CA00F74DDF /* SDWebImageDecoder.m */; };
		7011380B1E05B4CA00F74DDF /* SDWebImageDownloader.m in Sources */ = {isa = PBXBuildFile; fileRef = 701137F31E05B4CA00F74DDF /* SDWebImageDownloader.m */; };
		7011380C1E05B4CA00F74DDF /* SDWebImageDownloaderOperation.m in Sources */ = {isa = PBXBuildFile; fileRef = 701137F51E05B4CA00F74DDF /* SDWebImageDownloaderOperation.m */; };
		7011380D1E05B4CA00F74DDF /* SDWebImageManager.m in Sources */ = {isa = PBXBuildFile; fileRef = 701137F71E05B4CA00F74DDF /* SDWebImageManager.m */; };
		7011380E1E05B4CA00F74DDF /* SDWebImagePrefetcher.m in Sources */ = {isa = PBXBuildFile; fileRef = 701137FA1E05B4CA00F74DDF /* SDWebImagePrefetcher.m */; };
		7011380F1E05B4CA00F74DDF /* UIButton+WebCache.m in Sources */ = {isa = PBXBuildFile; fileRef = 701137FC1E05B4CA00F74DDF /* UIButton+WebCache.m */; };
		701138101E05B4CA00F74DDF /* UIImage+GIF.m in Sources */ = {isa = PBXBuildFile; fileRef = 701137FE1E05B4CA00F74DDF /* UIImage+GIF.m */; };
		701138111E05B4CA00F74DDF /* UIImage+MultiFormat.m in Sources */ = {isa = PBXBuildFile; fileRef = 701138001E05B4CA00F74DDF /* UIImage+MultiFormat.m */; };
		701138121E05B4CA00F74DDF /* UIImageView+HighlightedWebCache.m in Sources */ = {isa = PBXBuildFile; fileRef = 701138021E05B4CA00F74DDF /* UIImageView+HighlightedWebCache.m */; };
		701138131E05B4CA00F74DDF /* UIImageView+WebCache.m in Sources */ = {isa = PBXBuildFile; fileRef = 701138041E05B4CA00F74DDF /* UIImageView+WebCache.m */; };
		701138141E05B4CA00F74DDF /* UIView+WebCacheOperation.m in Sources */ = {isa = PBXBuildFile; fileRef = 701138061E05B4CA00F74DDF /* UIView+WebCacheOperation.m */; };
		701846AA1F4823E60063767A /* BaseViewController.m in Sources */ = {isa = PBXBuildFile; fileRef = 701846A91F4823E60063767A /* BaseViewController.m */; };
		701846AD1F4824010063767A /* BaseNavigationController.m in Sources */ = {isa = PBXBuildFile; fileRef = 701846AC1F4824010063767A /* BaseNavigationController.m */; };
		701846B01F4824200063767A /* RootTabbarController.m in Sources */ = {isa = PBXBuildFile; fileRef = 701846AF1F4824200063767A /* RootTabbarController.m */; };
		701846B21F4824800063767A /* MainUI.plist in Resources */ = {isa = PBXBuildFile; fileRef = 701846B11F4824800063767A /* MainUI.plist */; };
		701846B61F48251E0063767A /* APIShowViewController.m in Sources */ = {isa = PBXBuildFile; fileRef = 701846B51F48251E0063767A /* APIShowViewController.m */; };
		701846B91F4825450063767A /* SceneOneViewController.m in Sources */ = {isa = PBXBuildFile; fileRef = 701846B81F4825450063767A /* SceneOneViewController.m */; };
		701846BC1F4825580063767A /* SceneTwoViewController.m in Sources */ = {isa = PBXBuildFile; fileRef = 701846BB1F4825570063767A /* SceneTwoViewController.m */; };
		701846C41F4828740063767A /* UIView+Extension.m in Sources */ = {isa = PBXBuildFile; fileRef = 701846C11F4828740063767A /* UIView+Extension.m */; };
		701846C51F4828740063767A /* UIBarButtonItem+addition.m in Sources */ = {isa = PBXBuildFile; fileRef = 701846C31F4828740063767A /* UIBarButtonItem+addition.m */; };
		701846C81F4831990063767A /* ScenceThreeViewController.m in Sources */ = {isa = PBXBuildFile; fileRef = 701846C71F4831990063767A /* ScenceThreeViewController.m */; };
		701846CB1F4832410063767A /* APIDetailViewController.m in Sources */ = {isa = PBXBuildFile; fileRef = 701846CA1F4832410063767A /* APIDetailViewController.m */; };
		701846D61F4861850063767A /* FastForwardView.m in Sources */ = {isa = PBXBuildFile; fileRef = 701846CF1F4861850063767A /* FastForwardView.m */; };
		701846D71F4861850063767A /* FastForwardView.xib in Resources */ = {isa = PBXBuildFile; fileRef = 701846D01F4861850063767A /* FastForwardView.xib */; };
		701846D81F4861850063767A /* WMLightView.m in Sources */ = {isa = PBXBuildFile; fileRef = 701846D21F4861850063767A /* WMLightView.m */; };
		701846D91F4861850063767A /* WMPlayer.bundle in Resources */ = {isa = PBXBuildFile; fileRef = 701846D31F4861850063767A /* WMPlayer.bundle */; };
		701846DA1F4861850063767A /* WMPlayer.m in Sources */ = {isa = PBXBuildFile; fileRef = 701846D51F4861850063767A /* WMPlayer.m */; };
		701846F31F4862200063767A /* MASCompositeConstraint.m in Sources */ = {isa = PBXBuildFile; fileRef = 701846DD1F4862200063767A /* MASCompositeConstraint.m */; };
		701846F41F4862200063767A /* MASConstraint.m in Sources */ = {isa = PBXBuildFile; fileRef = 701846E01F4862200063767A /* MASConstraint.m */; };
		701846F51F4862200063767A /* MASConstraintMaker.m in Sources */ = {isa = PBXBuildFile; fileRef = 701846E21F4862200063767A /* MASConstraintMaker.m */; };
		701846F61F4862200063767A /* MASLayoutConstraint.m in Sources */ = {isa = PBXBuildFile; fileRef = 701846E41F4862200063767A /* MASLayoutConstraint.m */; };
		701846F71F4862200063767A /* MASViewAttribute.m in Sources */ = {isa = PBXBuildFile; fileRef = 701846E81F4862200063767A /* MASViewAttribute.m */; };
		701846F81F4862200063767A /* MASViewConstraint.m in Sources */ = {isa = PBXBuildFile; fileRef = 701846EA1F4862200063767A /* MASViewConstraint.m */; };
		701846F91F4862200063767A /* NSArray+MASAdditions.m in Sources */ = {isa = PBXBuildFile; fileRef = 701846EC1F4862200063767A /* NSArray+MASAdditions.m */; };
		701846FA1F4862200063767A /* NSLayoutConstraint+MASDebugAdditions.m in Sources */ = {isa = PBXBuildFile; fileRef = 701846EF1F4862200063767A /* NSLayoutConstraint+MASDebugAdditions.m */; };
		701846FB1F4862200063767A /* View+MASAdditions.m in Sources */ = {isa = PBXBuildFile; fileRef = 701846F11F4862200063767A /* View+MASAdditions.m */; };
		701C24641E07FCCB00232AAB /* WMDragView.gif in Resources */ = {isa = PBXBuildFile; fileRef = 701C24631E07FCCB00232AAB /* WMDragView.gif */; };
		701C24661E07FCF400232AAB /* WMPlayer.gif in Resources */ = {isa = PBXBuildFile; fileRef = 701C24651E07FCF400232AAB /* WMPlayer.gif */; };
		701C24681E07FF5500232AAB /* douyu.gif in Resources */ = {isa = PBXBuildFile; fileRef = 701C24671E07FF5500232AAB /* douyu.gif */; };
		70635F751E0445BE003EDFD5 /* main.m in Sources */ = {isa = PBXBuildFile; fileRef = 70635F741E0445BE003EDFD5 /* main.m */; };
		70635F781E0445BE003EDFD5 /* AppDelegate.m in Sources */ = {isa = PBXBuildFile; fileRef = 70635F771E0445BE003EDFD5 /* AppDelegate.m */; };
		70635F7B1E0445BE003EDFD5 /* ViewController.m in Sources */ = {isa = PBXBuildFile; fileRef = 70635F7A1E0445BE003EDFD5 /* ViewController.m */; };
		70635F7E1E0445BE003EDFD5 /* Main.storyboard in Resources */ = {isa = PBXBuildFile; fileRef = 70635F7C1E0445BE003EDFD5 /* Main.storyboard */; };
		70635F801E0445BE003EDFD5 /* Assets.xcassets in Resources */ = {isa = PBXBuildFile; fileRef = 70635F7F1E0445BE003EDFD5 /* Assets.xcassets */; };
		70635F831E0445BE003EDFD5 /* LaunchScreen.storyboard in Resources */ = {isa = PBXBuildFile; fileRef = 70635F811E0445BE003EDFD5 /* LaunchScreen.storyboard */; };
		70635F8D1E0445FF003EDFD5 /* WMDragView.m in Sources */ = {isa = PBXBuildFile; fileRef = 70635F8C1E0445FF003EDFD5 /* WMDragView.m */; };
/* End PBXBuildFile section */

/* Begin PBXFileReference section */
		701137E61E05B43D00F74DDF /* TestViewController.h */ = {isa = PBXFileReference; fileEncoding = 4; lastKnownFileType = sourcecode.c.h; path = TestViewController.h; sourceTree = "<group>"; };
		701137E71E05B43D00F74DDF /* TestViewController.m */ = {isa = PBXFileReference; fileEncoding = 4; lastKnownFileType = sourcecode.c.objc; path = TestViewController.m; sourceTree = "<group>"; };
		701137EA1E05B4CA00F74DDF /* NSData+ImageContentType.h */ = {isa = PBXFileReference; fileEncoding = 4; lastKnownFileType = sourcecode.c.h; path = "NSData+ImageContentType.h"; sourceTree = "<group>"; };
		701137EB1E05B4CA00F74DDF /* NSData+ImageContentType.m */ = {isa = PBXFileReference; fileEncoding = 4; lastKnownFileType = sourcecode.c.objc; path = "NSData+ImageContentType.m"; sourceTree = "<group>"; };
		701137EC1E05B4CA00F74DDF /* SDImageCache.h */ = {isa = PBXFileReference; fileEncoding = 4; lastKnownFileType = sourcecode.c.h; path = SDImageCache.h; sourceTree = "<group>"; };
		701137ED1E05B4CA00F74DDF /* SDImageCache.m */ = {isa = PBXFileReference; fileEncoding = 4; lastKnownFileType = sourcecode.c.objc; path = SDImageCache.m; sourceTree = "<group>"; };
		701137EE1E05B4CA00F74DDF /* SDWebImageCompat.h */ = {isa = PBXFileReference; fileEncoding = 4; lastKnownFileType = sourcecode.c.h; path = SDWebImageCompat.h; sourceTree = "<group>"; };
		701137EF1E05B4CA00F74DDF /* SDWebImageCompat.m */ = {isa = PBXFileReference; fileEncoding = 4; lastKnownFileType = sourcecode.c.objc; path = SDWebImageCompat.m; sourceTree = "<group>"; };
		701137F01E05B4CA00F74DDF /* SDWebImageDecoder.h */ = {isa = PBXFileReference; fileEncoding = 4; lastKnownFileType = sourcecode.c.h; path = SDWebImageDecoder.h; sourceTree = "<group>"; };
		701137F11E05B4CA00F74DDF /* SDWebImageDecoder.m */ = {isa = PBXFileReference; fileEncoding = 4; lastKnownFileType = sourcecode.c.objc; path = SDWebImageDecoder.m; sourceTree = "<group>"; };
		701137F21E05B4CA00F74DDF /* SDWebImageDownloader.h */ = {isa = PBXFileReference; fileEncoding = 4; lastKnownFileType = sourcecode.c.h; path = SDWebImageDownloader.h; sourceTree = "<group>"; };
		701137F31E05B4CA00F74DDF /* SDWebImageDownloader.m */ = {isa = PBXFileReference; fileEncoding = 4; lastKnownFileType = sourcecode.c.objc; path = SDWebImageDownloader.m; sourceTree = "<group>"; };
		701137F41E05B4CA00F74DDF /* SDWebImageDownloaderOperation.h */ = {isa = PBXFileReference; fileEncoding = 4; lastKnownFileType = sourcecode.c.h; path = SDWebImageDownloaderOperation.h; sourceTree = "<group>"; };
		701137F51E05B4CA00F74DDF /* SDWebImageDownloaderOperation.m */ = {isa = PBXFileReference; fileEncoding = 4; lastKnownFileType = sourcecode.c.objc; path = SDWebImageDownloaderOperation.m; sourceTree = "<group>"; };
		701137F61E05B4CA00F74DDF /* SDWebImageManager.h */ = {isa = PBXFileReference; fileEncoding = 4; lastKnownFileType = sourcecode.c.h; path = SDWebImageManager.h; sourceTree = "<group>"; };
		701137F71E05B4CA00F74DDF /* SDWebImageManager.m */ = {isa = PBXFileReference; fileEncoding = 4; lastKnownFileType = sourcecode.c.objc; path = SDWebImageManager.m; sourceTree = "<group>"; };
		701137F81E05B4CA00F74DDF /* SDWebImageOperation.h */ = {isa = PBXFileReference; fileEncoding = 4; lastKnownFileType = sourcecode.c.h; path = SDWebImageOperation.h; sourceTree = "<group>"; };
		701137F91E05B4CA00F74DDF /* SDWebImagePrefetcher.h */ = {isa = PBXFileReference; fileEncoding = 4; lastKnownFileType = sourcecode.c.h; path = SDWebImagePrefetcher.h; sourceTree = "<group>"; };
		701137FA1E05B4CA00F74DDF /* SDWebImagePrefetcher.m */ = {isa = PBXFileReference; fileEncoding = 4; lastKnownFileType = sourcecode.c.objc; path = SDWebImagePrefetcher.m; sourceTree = "<group>"; };
		701137FB1E05B4CA00F74DDF /* UIButton+WebCache.h */ = {isa = PBXFileReference; fileEncoding = 4; lastKnownFileType = sourcecode.c.h; path = "UIButton+WebCache.h"; sourceTree = "<group>"; };
		701137FC1E05B4CA00F74DDF /* UIButton+WebCache.m */ = {isa = PBXFileReference; fileEncoding = 4; lastKnownFileType = sourcecode.c.objc; path = "UIButton+WebCache.m"; sourceTree = "<group>"; };
		701137FD1E05B4CA00F74DDF /* UIImage+GIF.h */ = {isa = PBXFileReference; fileEncoding = 4; lastKnownFileType = sourcecode.c.h; path = "UIImage+GIF.h"; sourceTree = "<group>"; };
		701137FE1E05B4CA00F74DDF /* UIImage+GIF.m */ = {isa = PBXFileReference; fileEncoding = 4; lastKnownFileType = sourcecode.c.objc; path = "UIImage+GIF.m"; sourceTree = "<group>"; };
		701137FF1E05B4CA00F74DDF /* UIImage+MultiFormat.h */ = {isa = PBXFileReference; fileEncoding = 4; lastKnownFileType = sourcecode.c.h; path = "UIImage+MultiFormat.h"; sourceTree = "<group>"; };
		701138001E05B4CA00F74DDF /* UIImage+MultiFormat.m */ = {isa = PBXFileReference; fileEncoding = 4; lastKnownFileType = sourcecode.c.objc; path = "UIImage+MultiFormat.m"; sourceTree = "<group>"; };
		701138011E05B4CA00F74DDF /* UIImageView+HighlightedWebCache.h */ = {isa = PBXFileReference; fileEncoding = 4; lastKnownFileType = sourcecode.c.h; path = "UIImageView+HighlightedWebCache.h"; sourceTree = "<group>"; };
		701138021E05B4CA00F74DDF /* UIImageView+HighlightedWebCache.m */ = {isa = PBXFileReference; fileEncoding = 4; lastKnownFileType = sourcecode.c.objc; path = "UIImageView+HighlightedWebCache.m"; sourceTree = "<group>"; };
		701138031E05B4CA00F74DDF /* UIImageView+WebCache.h */ = {isa = PBXFileReference; fileEncoding = 4; lastKnownFileType = sourcecode.c.h; path = "UIImageView+WebCache.h"; sourceTree = "<group>"; };
		701138041E05B4CA00F74DDF /* UIImageView+WebCache.m */ = {isa = PBXFileReference; fileEncoding = 4; lastKnownFileType = sourcecode.c.objc; path = "UIImageView+WebCache.m"; sourceTree = "<group>"; };
		701138051E05B4CA00F74DDF /* UIView+WebCacheOperation.h */ = {isa = PBXFileReference; fileEncoding = 4; lastKnownFileType = sourcecode.c.h; path = "UIView+WebCacheOperation.h"; sourceTree = "<group>"; };
		701138061E05B4CA00F74DDF /* UIView+WebCacheOperation.m */ = {isa = PBXFileReference; fileEncoding = 4; lastKnownFileType = sourcecode.c.objc; path = "UIView+WebCacheOperation.m"; sourceTree = "<group>"; };
		701846A81F4823E60063767A /* BaseViewController.h */ = {isa = PBXFileReference; fileEncoding = 4; lastKnownFileType = sourcecode.c.h; path = BaseViewController.h; sourceTree = "<group>"; };
		701846A91F4823E60063767A /* BaseViewController.m */ = {isa = PBXFileReference; fileEncoding = 4; lastKnownFileType = sourcecode.c.objc; path = BaseViewController.m; sourceTree = "<group>"; };
		701846AB1F4824010063767A /* BaseNavigationController.h */ = {isa = PBXFileReference; fileEncoding = 4; lastKnownFileType = sourcecode.c.h; path = BaseNavigationController.h; sourceTree = "<group>"; };
		701846AC1F4824010063767A /* BaseNavigationController.m */ = {isa = PBXFileReference; fileEncoding = 4; lastKnownFileType = sourcecode.c.objc; path = BaseNavigationController.m; sourceTree = "<group>"; };
		701846AE1F4824200063767A /* RootTabbarController.h */ = {isa = PBXFileReference; fileEncoding = 4; lastKnownFileType = sourcecode.c.h; path = RootTabbarController.h; sourceTree = "<group>"; };
		701846AF1F4824200063767A /* RootTabbarController.m */ = {isa = PBXFileReference; fileEncoding = 4; lastKnownFileType = sourcecode.c.objc; path = RootTabbarController.m; sourceTree = "<group>"; };
		701846B11F4824800063767A /* MainUI.plist */ = {isa = PBXFileReference; fileEncoding = 4; lastKnownFileType = text.plist.xml; path = MainUI.plist; sourceTree = "<group>"; };
		701846B41F48251E0063767A /* APIShowViewController.h */ = {isa = PBXFileReference; fileEncoding = 4; lastKnownFileType = sourcecode.c.h; path = APIShowViewController.h; sourceTree = "<group>"; };
		701846B51F48251E0063767A /* APIShowViewController.m */ = {isa = PBXFileReference; fileEncoding = 4; lastKnownFileType = sourcecode.c.objc; path = APIShowViewController.m; sourceTree = "<group>"; };
		701846B71F4825450063767A /* SceneOneViewController.h */ = {isa = PBXFileReference; fileEncoding = 4; lastKnownFileType = sourcecode.c.h; path = SceneOneViewController.h; sourceTree = "<group>"; };
		701846B81F4825450063767A /* SceneOneViewController.m */ = {isa = PBXFileReference; fileEncoding = 4; lastKnownFileType = sourcecode.c.objc; path = SceneOneViewController.m; sourceTree = "<group>"; };
		701846BA1F4825570063767A /* SceneTwoViewController.h */ = {isa = PBXFileReference; fileEncoding = 4; lastKnownFileType = sourcecode.c.h; path = SceneTwoViewController.h; sourceTree = "<group>"; };
		701846BB1F4825570063767A /* SceneTwoViewController.m */ = {isa = PBXFileReference; fileEncoding = 4; lastKnownFileType = sourcecode.c.objc; path = SceneTwoViewController.m; sourceTree = "<group>"; };
		701846BD1F4826190063767A /* WMDragView.pch */ = {isa = PBXFileReference; lastKnownFileType = sourcecode.c.h; path = WMDragView.pch; sourceTree = "<group>"; };
		701846C01F4828740063767A /* UIView+Extension.h */ = {isa = PBXFileReference; fileEncoding = 4; lastKnownFileType = sourcecode.c.h; path = "UIView+Extension.h"; sourceTree = "<group>"; };
		701846C11F4828740063767A /* UIView+Extension.m */ = {isa = PBXFileReference; fileEncoding = 4; lastKnownFileType = sourcecode.c.objc; path = "UIView+Extension.m"; sourceTree = "<group>"; };
		701846C21F4828740063767A /* UIBarButtonItem+addition.h */ = {isa = PBXFileReference; fileEncoding = 4; lastKnownFileType = sourcecode.c.h; path = "UIBarButtonItem+addition.h"; sourceTree = "<group>"; };
		701846C31F4828740063767A /* UIBarButtonItem+addition.m */ = {isa = PBXFileReference; fileEncoding = 4; lastKnownFileType = sourcecode.c.objc; path = "UIBarButtonItem+addition.m"; sourceTree = "<group>"; };
		701846C61F4831990063767A /* ScenceThreeViewController.h */ = {isa = PBXFileReference; fileEncoding = 4; lastKnownFileType = sourcecode.c.h; path = ScenceThreeViewController.h; sourceTree = "<group>"; };
		701846C71F4831990063767A /* ScenceThreeViewController.m */ = {isa = PBXFileReference; fileEncoding = 4; lastKnownFileType = sourcecode.c.objc; path = ScenceThreeViewController.m; sourceTree = "<group>"; };
		701846C91F4832410063767A /* APIDetailViewController.h */ = {isa = PBXFileReference; fileEncoding = 4; lastKnownFileType = sourcecode.c.h; path = APIDetailViewController.h; sourceTree = "<group>"; };
		701846CA1F4832410063767A /* APIDetailViewController.m */ = {isa = PBXFileReference; fileEncoding = 4; lastKnownFileType = sourcecode.c.objc; path = APIDetailViewController.m; sourceTree = "<group>"; };
		701846CE1F4861850063767A /* FastForwardView.h */ = {isa = PBXFileReference; fileEncoding = 4; lastKnownFileType = sourcecode.c.h; path = FastForwardView.h; sourceTree = "<group>"; };
		701846CF1F4861850063767A /* FastForwardView.m */ = {isa = PBXFileReference; fileEncoding = 4; lastKnownFileType = sourcecode.c.objc; path = FastForwardView.m; sourceTree = "<group>"; };
		701846D01F4861850063767A /* FastForwardView.xib */ = {isa = PBXFileReference; fileEncoding = 4; lastKnownFileType = file.xib; path = FastForwardView.xib; sourceTree = "<group>"; };
		701846D11F4861850063767A /* WMLightView.h */ = {isa = PBXFileReference; fileEncoding = 4; lastKnownFileType = sourcecode.c.h; path = WMLightView.h; sourceTree = "<group>"; };
		701846D21F4861850063767A /* WMLightView.m */ = {isa = PBXFileReference; fileEncoding = 4; lastKnownFileType = sourcecode.c.objc; path = WMLightView.m; sourceTree = "<group>"; };
		701846D31F4861850063767A /* WMPlayer.bundle */ = {isa = PBXFileReference; lastKnownFileType = "wrapper.plug-in"; path = WMPlayer.bundle; sourceTree = "<group>"; };
		701846D41F4861850063767A /* WMPlayer.h */ = {isa = PBXFileReference; fileEncoding = 4; lastKnownFileType = sourcecode.c.h; path = WMPlayer.h; sourceTree = "<group>"; };
		701846D51F4861850063767A /* WMPlayer.m */ = {isa = PBXFileReference; fileEncoding = 4; lastKnownFileType = sourcecode.c.objc; path = WMPlayer.m; sourceTree = "<group>"; };
		701846DC1F4862200063767A /* MASCompositeConstraint.h */ = {isa = PBXFileReference; fileEncoding = 4; lastKnownFileType = sourcecode.c.h; path = MASCompositeConstraint.h; sourceTree = "<group>"; };
		701846DD1F4862200063767A /* MASCompositeConstraint.m */ = {isa = PBXFileReference; fileEncoding = 4; lastKnownFileType = sourcecode.c.objc; path = MASCompositeConstraint.m; sourceTree = "<group>"; };
		701846DE1F4862200063767A /* MASConstraint+Private.h */ = {isa = PBXFileReference; fileEncoding = 4; lastKnownFileType = sourcecode.c.h; path = "MASConstraint+Private.h"; sourceTree = "<group>"; };
		701846DF1F4862200063767A /* MASConstraint.h */ = {isa = PBXFileReference; fileEncoding = 4; lastKnownFileType = sourcecode.c.h; path = MASConstraint.h; sourceTree = "<group>"; };
		701846E01F4862200063767A /* MASConstraint.m */ = {isa = PBXFileReference; fileEncoding = 4; lastKnownFileType = sourcecode.c.objc; path = MASConstraint.m; sourceTree = "<group>"; };
		701846E11F4862200063767A /* MASConstraintMaker.h */ = {isa = PBXFileReference; fileEncoding = 4; lastKnownFileType = sourcecode.c.h; path = MASConstraintMaker.h; sourceTree = "<group>"; };
		701846E21F4862200063767A /* MASConstraintMaker.m */ = {isa = PBXFileReference; fileEncoding = 4; lastKnownFileType = sourcecode.c.objc; path = MASConstraintMaker.m; sourceTree = "<group>"; };
		701846E31F4862200063767A /* MASLayoutConstraint.h */ = {isa = PBXFileReference; fileEncoding = 4; lastKnownFileType = sourcecode.c.h; path = MASLayoutConstraint.h; sourceTree = "<group>"; };
		701846E41F4862200063767A /* MASLayoutConstraint.m */ = {isa = PBXFileReference; fileEncoding = 4; lastKnownFileType = sourcecode.c.objc; path = MASLayoutConstraint.m; sourceTree = "<group>"; };
		701846E51F4862200063767A /* Masonry.h */ = {isa = PBXFileReference; fileEncoding = 4; lastKnownFileType = sourcecode.c.h; path = Masonry.h; sourceTree = "<group>"; };
		701846E61F4862200063767A /* MASUtilities.h */ = {isa = PBXFileReference; fileEncoding = 4; lastKnownFileType = sourcecode.c.h; path = MASUtilities.h; sourceTree = "<group>"; };
		701846E71F4862200063767A /* MASViewAttribute.h */ = {isa = PBXFileReference; fileEncoding = 4; lastKnownFileType = sourcecode.c.h; path = MASViewAttribute.h; sourceTree = "<group>"; };
		701846E81F4862200063767A /* MASViewAttribute.m */ = {isa = PBXFileReference; fileEncoding = 4; lastKnownFileType = sourcecode.c.objc; path = MASViewAttribute.m; sourceTree = "<group>"; };
		701846E91F4862200063767A /* MASViewConstraint.h */ = {isa = PBXFileReference; fileEncoding = 4; lastKnownFileType = sourcecode.c.h; path = MASViewConstraint.h; sourceTree = "<group>"; };
		701846EA1F4862200063767A /* MASViewConstraint.m */ = {isa = PBXFileReference; fileEncoding = 4; lastKnownFileType = sourcecode.c.objc; path = MASViewConstraint.m; sourceTree = "<group>"; };
		701846EB1F4862200063767A /* NSArray+MASAdditions.h */ = {isa = PBXFileReference; fileEncoding = 4; lastKnownFileType = sourcecode.c.h; path = "NSArray+MASAdditions.h"; sourceTree = "<group>"; };
		701846EC1F4862200063767A /* NSArray+MASAdditions.m */ = {isa = PBXFileReference; fileEncoding = 4; lastKnownFileType = sourcecode.c.objc; path = "NSArray+MASAdditions.m"; sourceTree = "<group>"; };
		701846ED1F4862200063767A /* NSArray+MASShorthandAdditions.h */ = {isa = PBXFileReference; fileEncoding = 4; lastKnownFileType = sourcecode.c.h; path = "NSArray+MASShorthandAdditions.h"; sourceTree = "<group>"; };
		701846EE1F4862200063767A /* NSLayoutConstraint+MASDebugAdditions.h */ = {isa = PBXFileReference; fileEncoding = 4; lastKnownFileType = sourcecode.c.h; path = "NSLayoutConstraint+MASDebugAdditions.h"; sourceTree = "<group>"; };
		701846EF1F4862200063767A /* NSLayoutConstraint+MASDebugAdditions.m */ = {isa = PBXFileReference; fileEncoding = 4; lastKnownFileType = sourcecode.c.objc; path = "NSLayoutConstraint+MASDebugAdditions.m"; sourceTree = "<group>"; };
		701846F01F4862200063767A /* View+MASAdditions.h */ = {isa = PBXFileReference; fileEncoding = 4; lastKnownFileType = sourcecode.c.h; path = "View+MASAdditions.h"; sourceTree = "<group>"; };
		701846F11F4862200063767A /* View+MASAdditions.m */ = {isa = PBXFileReference; fileEncoding = 4; lastKnownFileType = sourcecode.c.objc; path = "View+MASAdditions.m"; sourceTree = "<group>"; };
		701846F21F4862200063767A /* View+MASShorthandAdditions.h */ = {isa = PBXFileReference; fileEncoding = 4; lastKnownFileType = sourcecode.c.h; path = "View+MASShorthandAdditions.h"; sourceTree = "<group>"; };
		701C24631E07FCCB00232AAB /* WMDragView.gif */ = {isa = PBXFileReference; lastKnownFileType = image.gif; path = WMDragView.gif; sourceTree = "<group>"; };
		701C24651E07FCF400232AAB /* WMPlayer.gif */ = {isa = PBXFileReference; lastKnownFileType = image.gif; path = WMPlayer.gif; sourceTree = "<group>"; };
		701C24671E07FF5500232AAB /* douyu.gif */ = {isa = PBXFileReference; lastKnownFileType = image.gif; path = douyu.gif; sourceTree = "<group>"; };
		70635F701E0445BE003EDFD5 /* WMDragView.app */ = {isa = PBXFileReference; explicitFileType = wrapper.application; includeInIndex = 0; path = WMDragView.app; sourceTree = BUILT_PRODUCTS_DIR; };
		70635F741E0445BE003EDFD5 /* main.m */ = {isa = PBXFileReference; lastKnownFileType = sourcecode.c.objc; path = main.m; sourceTree = "<group>"; };
		70635F761E0445BE003EDFD5 /* AppDelegate.h */ = {isa = PBXFileReference; lastKnownFileType = sourcecode.c.h; path = AppDelegate.h; sourceTree = "<group>"; };
		70635F771E0445BE003EDFD5 /* AppDelegate.m */ = {isa = PBXFileReference; lastKnownFileType = sourcecode.c.objc; path = AppDelegate.m; sourceTree = "<group>"; };
		70635F791E0445BE003EDFD5 /* ViewController.h */ = {isa = PBXFileReference; lastKnownFileType = sourcecode.c.h; path = ViewController.h; sourceTree = "<group>"; };
		70635F7A1E0445BE003EDFD5 /* ViewController.m */ = {isa = PBXFileReference; lastKnownFileType = sourcecode.c.objc; path = ViewController.m; sourceTree = "<group>"; };
		70635F7D1E0445BE003EDFD5 /* Base */ = {isa = PBXFileReference; lastKnownFileType = file.storyboard; name = Base; path = Base.lproj/Main.storyboard; sourceTree = "<group>"; };
		70635F7F1E0445BE003EDFD5 /* Assets.xcassets */ = {isa = PBXFileReference; lastKnownFileType = folder.assetcatalog; path = Assets.xcassets; sourceTree = "<group>"; };
		70635F821E0445BE003EDFD5 /* Base */ = {isa = PBXFileReference; lastKnownFileType = file.storyboard; name = Base; path = Base.lproj/LaunchScreen.storyboard; sourceTree = "<group>"; };
		70635F841E0445BE003EDFD5 /* Info.plist */ = {isa = PBXFileReference; lastKnownFileType = text.plist.xml; path = Info.plist; sourceTree = "<group>"; };
		70635F8B1E0445FF003EDFD5 /* WMDragView.h */ = {isa = PBXFileReference; fileEncoding = 4; lastKnownFileType = sourcecode.c.h; path = WMDragView.h; sourceTree = "<group>"; };
		70635F8C1E0445FF003EDFD5 /* WMDragView.m */ = {isa = PBXFileReference; fileEncoding = 4; lastKnownFileType = sourcecode.c.objc; path = WMDragView.m; sourceTree = "<group>"; };
/* End PBXFileReference section */

/* Begin PBXFrameworksBuildPhase section */
		70635F6D1E0445BE003EDFD5 /* Frameworks */ = {
			isa = PBXFrameworksBuildPhase;
			buildActionMask = 2147483647;
			files = (
			);
			runOnlyForDeploymentPostprocessing = 0;
		};
/* End PBXFrameworksBuildPhase section */

/* Begin PBXGroup section */
		701137E91E05B4CA00F74DDF /* SDWebImage */ = {
			isa = PBXGroup;
			children = (
				701137EA1E05B4CA00F74DDF /* NSData+ImageContentType.h */,
				701137EB1E05B4CA00F74DDF /* NSData+ImageContentType.m */,
				701137EC1E05B4CA00F74DDF /* SDImageCache.h */,
				701137ED1E05B4CA00F74DDF /* SDImageCache.m */,
				701137EE1E05B4CA00F74DDF /* SDWebImageCompat.h */,
				701137EF1E05B4CA00F74DDF /* SDWebImageCompat.m */,
				701137F01E05B4CA00F74DDF /* SDWebImageDecoder.h */,
				701137F11E05B4CA00F74DDF /* SDWebImageDecoder.m */,
				701137F21E05B4CA00F74DDF /* SDWebImageDownloader.h */,
				701137F31E05B4CA00F74DDF /* SDWebImageDownloader.m */,
				701137F41E05B4CA00F74DDF /* SDWebImageDownloaderOperation.h */,
				701137F51E05B4CA00F74DDF /* SDWebImageDownloaderOperation.m */,
				701137F61E05B4CA00F74DDF /* SDWebImageManager.h */,
				701137F71E05B4CA00F74DDF /* SDWebImageManager.m */,
				701137F81E05B4CA00F74DDF /* SDWebImageOperation.h */,
				701137F91E05B4CA00F74DDF /* SDWebImagePrefetcher.h */,
				701137FA1E05B4CA00F74DDF /* SDWebImagePrefetcher.m */,
				701137FB1E05B4CA00F74DDF /* UIButton+WebCache.h */,
				701137FC1E05B4CA00F74DDF /* UIButton+WebCache.m */,
				701137FD1E05B4CA00F74DDF /* UIImage+GIF.h */,
				701137FE1E05B4CA00F74DDF /* UIImage+GIF.m */,
				701137FF1E05B4CA00F74DDF /* UIImage+MultiFormat.h */,
				701138001E05B4CA00F74DDF /* UIImage+MultiFormat.m */,
				701138011E05B4CA00F74DDF /* UIImageView+HighlightedWebCache.h */,
				701138021E05B4CA00F74DDF /* UIImageView+HighlightedWebCache.m */,
				701138031E05B4CA00F74DDF /* UIImageView+WebCache.h */,
				701138041E05B4CA00F74DDF /* UIImageView+WebCache.m */,
				701138051E05B4CA00F74DDF /* UIView+WebCacheOperation.h */,
				701138061E05B4CA00F74DDF /* UIView+WebCacheOperation.m */,
			);
			path = SDWebImage;
			sourceTree = "<group>";
		};
		701846A61F4823960063767A /* BaseViewController */ = {
			isa = PBXGroup;
			children = (
				701846AB1F4824010063767A /* BaseNavigationController.h */,
				701846AC1F4824010063767A /* BaseNavigationController.m */,
				701846A81F4823E60063767A /* BaseViewController.h */,
				701846A91F4823E60063767A /* BaseViewController.m */,
			);
			path = BaseViewController;
			sourceTree = "<group>";
		};
		701846A71F4823960063767A /* RootTabbarController */ = {
			isa = PBXGroup;
			children = (
				701846AE1F4824200063767A /* RootTabbarController.h */,
				701846AF1F4824200063767A /* RootTabbarController.m */,
			);
			path = RootTabbarController;
			sourceTree = "<group>";
		};
		701846B31F4824F00063767A /* ViewControllers */ = {
			isa = PBXGroup;
			children = (
				701846B41F48251E0063767A /* APIShowViewController.h */,
				701846B51F48251E0063767A /* APIShowViewController.m */,
				701846C91F4832410063767A /* APIDetailViewController.h */,
				701846CA1F4832410063767A /* APIDetailViewController.m */,
				701846B71F4825450063767A /* SceneOneViewController.h */,
				701846B81F4825450063767A /* SceneOneViewController.m */,
				701846BA1F4825570063767A /* SceneTwoViewController.h */,
				701846BB1F4825570063767A /* SceneTwoViewController.m */,
				701846C61F4831990063767A /* ScenceThreeViewController.h */,
				701846C71F4831990063767A /* ScenceThreeViewController.m */,
			);
			path = ViewControllers;
			sourceTree = "<group>";
		};
		701846BE1F4828460063767A /* Tools */ = {
			isa = PBXGroup;
			children = (
				701846BF1F4828460063767A /* Category */,
			);
			path = Tools;
			sourceTree = "<group>";
		};
		701846BF1F4828460063767A /* Category */ = {
			isa = PBXGroup;
			children = (
				701846C01F4828740063767A /* UIView+Extension.h */,
				701846C11F4828740063767A /* UIView+Extension.m */,
				701846C21F4828740063767A /* UIBarButtonItem+addition.h */,
				701846C31F4828740063767A /* UIBarButtonItem+addition.m */,
			);
			path = Category;
			sourceTree = "<group>";
		};
		701846CC1F4861850063767A /* WMPlayer */ = {
			isa = PBXGroup;
			children = (
				701846CD1F4861850063767A /* View */,
				701846D31F4861850063767A /* WMPlayer.bundle */,
				701846D41F4861850063767A /* WMPlayer.h */,
				701846D51F4861850063767A /* WMPlayer.m */,
			);
			path = WMPlayer;
			sourceTree = "<group>";
		};
		701846CD1F4861850063767A /* View */ = {
			isa = PBXGroup;
			children = (
				701846CE1F4861850063767A /* FastForwardView.h */,
				701846CF1F4861850063767A /* FastForwardView.m */,
				701846D01F4861850063767A /* FastForwardView.xib */,
				701846D11F4861850063767A /* WMLightView.h */,
				701846D21F4861850063767A /* WMLightView.m */,
			);
			path = View;
			sourceTree = "<group>";
		};
		701846DB1F4862200063767A /* Masonry */ = {
			isa = PBXGroup;
			children = (
				701846DC1F4862200063767A /* MASCompositeConstraint.h */,
				701846DD1F4862200063767A /* MASCompositeConstraint.m */,
				701846DE1F4862200063767A /* MASConstraint+Private.h */,
				701846DF1F4862200063767A /* MASConstraint.h */,
				701846E01F4862200063767A /* MASConstraint.m */,
				701846E11F4862200063767A /* MASConstraintMaker.h */,
				701846E21F4862200063767A /* MASConstraintMaker.m */,
				701846E31F4862200063767A /* MASLayoutConstraint.h */,
				701846E41F4862200063767A /* MASLayoutConstraint.m */,
				701846E51F4862200063767A /* Masonry.h */,
				701846E61F4862200063767A /* MASUtilities.h */,
				701846E71F4862200063767A /* MASViewAttribute.h */,
				701846E81F4862200063767A /* MASViewAttribute.m */,
				701846E91F4862200063767A /* MASViewConstraint.h */,
				701846EA1F4862200063767A /* MASViewConstraint.m */,
				701846EB1F4862200063767A /* NSArray+MASAdditions.h */,
				701846EC1F4862200063767A /* NSArray+MASAdditions.m */,
				701846ED1F4862200063767A /* NSArray+MASShorthandAdditions.h */,
				701846EE1F4862200063767A /* NSLayoutConstraint+MASDebugAdditions.h */,
				701846EF1F4862200063767A /* NSLayoutConstraint+MASDebugAdditions.m */,
				701846F01F4862200063767A /* View+MASAdditions.h */,
				701846F11F4862200063767A /* View+MASAdditions.m */,
				701846F21F4862200063767A /* View+MASShorthandAdditions.h */,
			);
			path = Masonry;
			sourceTree = "<group>";
		};
		70635F671E0445BE003EDFD5 = {
			isa = PBXGroup;
			children = (
				70635F721E0445BE003EDFD5 /* WMDragView */,
				70635F711E0445BE003EDFD5 /* Products */,
			);
			sourceTree = "<group>";
		};
		70635F711E0445BE003EDFD5 /* Products */ = {
			isa = PBXGroup;
			children = (
				70635F701E0445BE003EDFD5 /* WMDragView.app */,
			);
			name = Products;
			sourceTree = "<group>";
		};
		70635F721E0445BE003EDFD5 /* WMDragView */ = {
			isa = PBXGroup;
			children = (
				70635F8A1E0445FF003EDFD5 /* WMDragView */,
				70635F761E0445BE003EDFD5 /* AppDelegate.h */,
				70635F771E0445BE003EDFD5 /* AppDelegate.m */,
				70635F791E0445BE003EDFD5 /* ViewController.h */,
				70635F7A1E0445BE003EDFD5 /* ViewController.m */,
				701846A61F4823960063767A /* BaseViewController */,
				701846A71F4823960063767A /* RootTabbarController */,
				701846B31F4824F00063767A /* ViewControllers */,
				701137E61E05B43D00F74DDF /* TestViewController.h */,
				701137E71E05B43D00F74DDF /* TestViewController.m */,
				70635F7C1E0445BE003EDFD5 /* Main.storyboard */,
				701846BE1F4828460063767A /* Tools */,
				701137E91E05B4CA00F74DDF /* SDWebImage */,
				70635F7F1E0445BE003EDFD5 /* Assets.xcassets */,
				701846DB1F4862200063767A /* Masonry */,
				701846CC1F4861850063767A /* WMPlayer */,
				70635F811E0445BE003EDFD5 /* LaunchScreen.storyboard */,
				70635F841E0445BE003EDFD5 /* Info.plist */,
				70635F731E0445BE003EDFD5 /* Supporting Files */,
			);
			path = WMDragView;
			sourceTree = "<group>";
		};
		70635F731E0445BE003EDFD5 /* Supporting Files */ = {
			isa = PBXGroup;
			children = (
				701846B11F4824800063767A /* MainUI.plist */,
				701846BD1F4826190063767A /* WMDragView.pch */,
				701C24671E07FF5500232AAB /* douyu.gif */,
				701C24651E07FCF400232AAB /* WMPlayer.gif */,
				701C24631E07FCCB00232AAB /* WMDragView.gif */,
				70635F741E0445BE003EDFD5 /* main.m */,
			);
			name = "Supporting Files";
			sourceTree = "<group>";
		};
		70635F8A1E0445FF003EDFD5 /* WMDragView */ = {
			isa = PBXGroup;
			children = (
				70635F8B1E0445FF003EDFD5 /* WMDragView.h */,
				70635F8C1E0445FF003EDFD5 /* WMDragView.m */,
			);
			path = WMDragView;
			sourceTree = "<group>";
		};
/* End PBXGroup section */

/* Begin PBXNativeTarget section */
		70635F6F1E0445BE003EDFD5 /* WMDragView */ = {
			isa = PBXNativeTarget;
			buildConfigurationList = 70635F871E0445BE003EDFD5 /* Build configuration list for PBXNativeTarget "WMDragView" */;
			buildPhases = (
				70635F6C1E0445BE003EDFD5 /* Sources */,
				70635F6D1E0445BE003EDFD5 /* Frameworks */,
				70635F6E1E0445BE003EDFD5 /* Resources */,
			);
			buildRules = (
			);
			dependencies = (
			);
			name = WMDragView;
			productName = WMDragView;
			productReference = 70635F701E0445BE003EDFD5 /* WMDragView.app */;
			productType = "com.apple.product-type.application";
		};
/* End PBXNativeTarget section */

/* Begin PBXProject section */
		70635F681E0445BE003EDFD5 /* Project object */ = {
			isa = PBXProject;
			attributes = {
				LastUpgradeCheck = 0810;
				ORGANIZATIONNAME = zhengwenming;
				TargetAttributes = {
					70635F6F1E0445BE003EDFD5 = {
						CreatedOnToolsVersion = 8.1;
						DevelopmentTeam = 98R6GJ6K5Y;
						ProvisioningStyle = Automatic;
					};
				};
			};
			buildConfigurationList = 70635F6B1E0445BE003EDFD5 /* Build configuration list for PBXProject "WMDragView" */;
			compatibilityVersion = "Xcode 3.2";
			developmentRegion = English;
			hasScannedForEncodings = 0;
			knownRegions = (
				en,
				Base,
			);
			mainGroup = 70635F671E0445BE003EDFD5;
			productRefGroup = 70635F711E0445BE003EDFD5 /* Products */;
			projectDirPath = "";
			projectRoot = "";
			targets = (
				70635F6F1E0445BE003EDFD5 /* WMDragView */,
			);
		};
/* End PBXProject section */

/* Begin PBXResourcesBuildPhase section */
		70635F6E1E0445BE003EDFD5 /* Resources */ = {
			isa = PBXResourcesBuildPhase;
			buildActionMask = 2147483647;
			files = (
				701846B21F4824800063767A /* MainUI.plist in Resources */,
				70635F831E0445BE003EDFD5 /* LaunchScreen.storyboard in Resources */,
				701846D71F4861850063767A /* FastForwardView.xib in Resources */,
				701C24681E07FF5500232AAB /* douyu.gif in Resources */,
				701846D91F4861850063767A /* WMPlayer.bundle in Resources */,
				70635F801E0445BE003EDFD5 /* Assets.xcassets in Resources */,
				70635F7E1E0445BE003EDFD5 /* Main.storyboard in Resources */,
				701C24661E07FCF400232AAB /* WMPlayer.gif in Resources */,
				701C24641E07FCCB00232AAB /* WMDragView.gif in Resources */,
			);
			runOnlyForDeploymentPostprocessing = 0;
		};
/* End PBXResourcesBuildPhase section */

/* Begin PBXSourcesBuildPhase section */
		70635F6C1E0445BE003EDFD5 /* Sources */ = {
			isa = PBXSourcesBuildPhase;
			buildActionMask = 2147483647;
			files = (
				701138121E05B4CA00F74DDF /* UIImageView+HighlightedWebCache.m in Sources */,
				701846AA1F4823E60063767A /* BaseViewController.m in Sources */,
				701846F91F4862200063767A /* NSArray+MASAdditions.m in Sources */,
				701846FB1F4862200063767A /* View+MASAdditions.m in Sources */,
				701846C81F4831990063767A /* ScenceThreeViewController.m in Sources */,
				701846F81F4862200063767A /* MASViewConstraint.m in Sources */,
				701846C41F4828740063767A /* UIView+Extension.m in Sources */,
				701138111E05B4CA00F74DDF /* UIImage+MultiFormat.m in Sources */,
				7011380C1E05B4CA00F74DDF /* SDWebImageDownloaderOperation.m in Sources */,
				70635F8D1E0445FF003EDFD5 /* WMDragView.m in Sources */,
				701138091E05B4CA00F74DDF /* SDWebImageCompat.m in Sources */,
				701846B61F48251E0063767A /* APIShowViewController.m in Sources */,
				701138141E05B4CA00F74DDF /* UIView+WebCacheOperation.m in Sources */,
				701846BC1F4825580063767A /* SceneTwoViewController.m in Sources */,
				701846B01F4824200063767A /* RootTabbarController.m in Sources */,
				701138101E05B4CA00F74DDF /* UIImage+GIF.m in Sources */,
				701846CB1F4832410063767A /* APIDetailViewController.m in Sources */,
				701846D61F4861850063767A /* FastForwardView.m in Sources */,
				701846AD1F4824010063767A /* BaseNavigationController.m in Sources */,
				701846F71F4862200063767A /* MASViewAttribute.m in Sources */,
				701846F61F4862200063767A /* MASLayoutConstraint.m in Sources */,
				701846F31F4862200063767A /* MASCompositeConstraint.m in Sources */,
				7011380E1E05B4CA00F74DDF /* SDWebImagePrefetcher.m in Sources */,
				70635F7B1E0445BE003EDFD5 /* ViewController.m in Sources */,
				701846FA1F4862200063767A /* NSLayoutConstraint+MASDebugAdditions.m in Sources */,
				70635F781E0445BE003EDFD5 /* AppDelegate.m in Sources */,
				7011380B1E05B4CA00F74DDF /* SDWebImageDownloader.m in Sources */,
				701846F51F4862200063767A /* MASConstraintMaker.m in Sources */,
				701846D81F4861850063767A /* WMLightView.m in Sources */,
				7011380F1E05B4CA00F74DDF /* UIButton+WebCache.m in Sources */,
				701846DA1F4861850063767A /* WMPlayer.m in Sources */,
				70635F751E0445BE003EDFD5 /* main.m in Sources */,
				701138071E05B4CA00F74DDF /* NSData+ImageContentType.m in Sources */,
				701846C51F4828740063767A /* UIBarButtonItem+addition.m in Sources */,
				701846B91F4825450063767A /* SceneOneViewController.m in Sources */,
				701137E81E05B43D00F74DDF /* TestViewController.m in Sources */,
				701138131E05B4CA00F74DDF /* UIImageView+WebCache.m in Sources */,
				7011380D1E05B4CA00F74DDF /* SDWebImageManager.m in Sources */,
				7011380A1E05B4CA00F74DDF /* SDWebImageDecoder.m in Sources */,
				701846F41F4862200063767A /* MASConstraint.m in Sources */,
				701138081E05B4CA00F74DDF /* SDImageCache.m in Sources */,
			);
			runOnlyForDeploymentPostprocessing = 0;
		};
/* End PBXSourcesBuildPhase section */

/* Begin PBXVariantGroup section */
		70635F7C1E0445BE003EDFD5 /* Main.storyboard */ = {
			isa = PBXVariantGroup;
			children = (
				70635F7D1E0445BE003EDFD5 /* Base */,
			);
			name = Main.storyboard;
			sourceTree = "<group>";
		};
		70635F811E0445BE003EDFD5 /* LaunchScreen.storyboard */ = {
			isa = PBXVariantGroup;
			children = (
				70635F821E0445BE003EDFD5 /* Base */,
			);
			name = LaunchScreen.storyboard;
			sourceTree = "<group>";
		};
/* End PBXVariantGroup section */

/* Begin XCBuildConfiguration section */
		70635F851E0445BE003EDFD5 /* Debug */ = {
			isa = XCBuildConfiguration;
			buildSettings = {
				ALWAYS_SEARCH_USER_PATHS = NO;
				CLANG_ANALYZER_NONNULL = YES;
				CLANG_CXX_LANGUAGE_STANDARD = "gnu++0x";
				CLANG_CXX_LIBRARY = "libc++";
				CLANG_ENABLE_MODULES = YES;
				CLANG_ENABLE_OBJC_ARC = YES;
				CLANG_WARN_BOOL_CONVERSION = YES;
				CLANG_WARN_CONSTANT_CONVERSION = YES;
				CLANG_WARN_DIRECT_OBJC_ISA_USAGE = YES_ERROR;
				CLANG_WARN_DOCUMENTATION_COMMENTS = YES;
				CLANG_WARN_EMPTY_BODY = YES;
				CLANG_WARN_ENUM_CONVERSION = YES;
				CLANG_WARN_INFINITE_RECURSION = YES;
				CLANG_WARN_INT_CONVERSION = YES;
				CLANG_WARN_OBJC_ROOT_CLASS = YES_ERROR;
				CLANG_WARN_SUSPICIOUS_MOVES = YES;
				CLANG_WARN_UNREACHABLE_CODE = YES;
				CLANG_WARN__DUPLICATE_METHOD_MATCH = YES;
				"CODE_SIGN_IDENTITY[sdk=iphoneos*]" = "iPhone Developer";
				COPY_PHASE_STRIP = NO;
				DEBUG_INFORMATION_FORMAT = dwarf;
				ENABLE_STRICT_OBJC_MSGSEND = YES;
				ENABLE_TESTABILITY = YES;
				GCC_C_LANGUAGE_STANDARD = gnu99;
				GCC_DYNAMIC_NO_PIC = NO;
				GCC_NO_COMMON_BLOCKS = YES;
				GCC_OPTIMIZATION_LEVEL = 0;
				GCC_PREPROCESSOR_DEFINITIONS = (
					"DEBUG=1",
					"$(inherited)",
				);
				GCC_WARN_64_TO_32_BIT_CONVERSION = YES;
				GCC_WARN_ABOUT_RETURN_TYPE = YES_ERROR;
				GCC_WARN_UNDECLARED_SELECTOR = YES;
				GCC_WARN_UNINITIALIZED_AUTOS = YES_AGGRESSIVE;
				GCC_WARN_UNUSED_FUNCTION = YES;
				GCC_WARN_UNUSED_VARIABLE = YES;
				IPHONEOS_DEPLOYMENT_TARGET = 10.1;
				MTL_ENABLE_DEBUG_INFO = YES;
				ONLY_ACTIVE_ARCH = YES;
				SDKROOT = iphoneos;
			};
			name = Debug;
		};
		70635F861E0445BE003EDFD5 /* Release */ = {
			isa = XCBuildConfiguration;
			buildSettings = {
				ALWAYS_SEARCH_USER_PATHS = NO;
				CLANG_ANALYZER_NONNULL = YES;
				CLANG_CXX_LANGUAGE_STANDARD = "gnu++0x";
				CLANG_CXX_LIBRARY = "libc++";
				CLANG_ENABLE_MODULES = YES;
				CLANG_ENABLE_OBJC_ARC = YES;
				CLANG_WARN_BOOL_CONVERSION = YES;
				CLANG_WARN_CONSTANT_CONVERSION = YES;
				CLANG_WARN_DIRECT_OBJC_ISA_USAGE = YES_ERROR;
				CLANG_WARN_DOCUMENTATION_COMMENTS = YES;
				CLANG_WARN_EMPTY_BODY = YES;
				CLANG_WARN_ENUM_CONVERSION = YES;
				CLANG_WARN_INFINITE_RECURSION = YES;
				CLANG_WARN_INT_CONVERSION = YES;
				CLANG_WARN_OBJC_ROOT_CLASS = YES_ERROR;
				CLANG_WARN_SUSPICIOUS_MOVES = YES;
				CLANG_WARN_UNREACHABLE_CODE = YES;
				CLANG_WARN__DUPLICATE_METHOD_MATCH = YES;
				"CODE_SIGN_IDENTITY[sdk=iphoneos*]" = "iPhone Developer";
				COPY_PHASE_STRIP = NO;
				DEBUG_INFORMATION_FORMAT = "dwarf-with-dsym";
				ENABLE_NS_ASSERTIONS = NO;
				ENABLE_STRICT_OBJC_MSGSEND = YES;
				GCC_C_LANGUAGE_STANDARD = gnu99;
				GCC_NO_COMMON_BLOCKS = YES;
				GCC_WARN_64_TO_32_BIT_CONVERSION = YES;
				GCC_WARN_ABOUT_RETURN_TYPE = YES_ERROR;
				GCC_WARN_UNDECLARED_SELECTOR = YES;
				GCC_WARN_UNINITIALIZED_AUTOS = YES_AGGRESSIVE;
				GCC_WARN_UNUSED_FUNCTION = YES;
				GCC_WARN_UNUSED_VARIABLE = YES;
				IPHONEOS_DEPLOYMENT_TARGET = 10.1;
				MTL_ENABLE_DEBUG_INFO = NO;
				SDKROOT = iphoneos;
				VALIDATE_PRODUCT = YES;
			};
			name = Release;
		};
		70635F881E0445BE003EDFD5 /* Debug */ = {
			isa = XCBuildConfiguration;
			buildSettings = {
				ASSETCATALOG_COMPILER_APPICON_NAME = AppIcon;
				DEVELOPMENT_TEAM = 98R6GJ6K5Y;
				GCC_PREFIX_HEADER = WMDragView/WMDragView.pch;
				INFOPLIST_FILE = WMDragView/Info.plist;
				IPHONEOS_DEPLOYMENT_TARGET = 8.0;
				LD_RUNPATH_SEARCH_PATHS = "$(inherited) @executable_path/Frameworks";
				PRODUCT_BUNDLE_IDENTIFIER = wenming.WMDragView;
				PRODUCT_NAME = "$(TARGET_NAME)";
			};
			name = Debug;
		};
		70635F891E0445BE003EDFD5 /* Release */ = {
			isa = XCBuildConfiguration;
			buildSettings = {
				ASSETCATALOG_COMPILER_APPICON_NAME = AppIcon;
				DEVELOPMENT_TEAM = 98R6GJ6K5Y;
				GCC_PREFIX_HEADER = WMDragView/WMDragView.pch;
				INFOPLIST_FILE = WMDragView/Info.plist;
				IPHONEOS_DEPLOYMENT_TARGET = 8.0;
				LD_RUNPATH_SEARCH_PATHS = "$(inherited) @executable_path/Frameworks";
				PRODUCT_BUNDLE_IDENTIFIER = wenming.WMDragView;
				PRODUCT_NAME = "$(TARGET_NAME)";
			};
			name = Release;
		};
/* End XCBuildConfiguration section */

/* Begin XCConfigurationList section */
		70635F6B1E0445BE003EDFD5 /* Build configuration list for PBXProject "WMDragView" */ = {
			isa = XCConfigurationList;
			buildConfigurations = (
				70635F851E0445BE003EDFD5 /* Debug */,
				70635F861E0445BE003EDFD5 /* Release */,
			);
			defaultConfigurationIsVisible = 0;
			defaultConfigurationName = Release;
		};
		70635F871E0445BE003EDFD5 /* Build configuration list for PBXNativeTarget "WMDragView" */ = {
			isa = XCConfigurationList;
			buildConfigurations = (
				70635F881E0445BE003EDFD5 /* Debug */,
				70635F891E0445BE003EDFD5 /* Release */,
			);
			defaultConfigurationIsVisible = 0;
			defaultConfigurationName = Release;
		};
/* End XCConfigurationList section */
	};
	rootObject = 70635F681E0445BE003EDFD5 /* Project object */;
}
