// !$*UTF8*$!
{
	archiveVersion = 1;
	classes = {
	};
	objectVersion = 46;
	objects = {

/* Begin PBXBuildFile section */
		092003151DAA9B63008266B8 /* CRBaseNavigationViewController.m in Sources */ = {isa = PBXBuildFile; fileRef = 092003141DAA9B63008266B8 /* CRBaseNavigationViewController.m */; };
		0920032D1DAAA1A6008266B8 /* CRDemoInfoModel.m in Sources */ = {isa = PBXBuildFile; fileRef = 0920032C1DAAA1A6008266B8 /* CRDemoInfoModel.m */; };
		092003401DAAA20B008266B8 /* CRBottomPageView.m in Sources */ = {isa = PBXBuildFile; fileRef = 092003321DAAA20B008266B8 /* CRBottomPageView.m */; };
		092003411DAAA20B008266B8 /* CRCardViewBack.m in Sources */ = {isa = PBXBuildFile; fileRef = 092003341DAAA20B008266B8 /* CRCardViewBack.m */; };
		092003421DAAA20B008266B8 /* CRCardViewFront.m in Sources */ = {isa = PBXBuildFile; fileRef = 092003361DAAA20B008266B8 /* CRCardViewFront.m */; };
		092003431DAAA20B008266B8 /* CRMusicCardDemoVC.m in Sources */ = {isa = PBXBuildFile; fileRef = 092003381DAAA20B008266B8 /* CRMusicCardDemoVC.m */; };
		092003441DAAA20B008266B8 /* CRMyCardView.m in Sources */ = {isa = PBXBuildFile; fileRef = 0920033A1DAAA20B008266B8 /* CRMyCardView.m */; };
		092003451DAAA20B008266B8 /* CRImageGradientDemoVC.m in Sources */ = {isa = PBXBuildFile; fileRef = 0920033F1DAAA20B008266B8 /* CRImageGradientDemoVC.m */; };
		092003481DAC70EB008266B8 /* CRCardAnimationViewDemoVC.m in Sources */ = {isa = PBXBuildFile; fileRef = 092003471DAC70EB008266B8 /* CRCardAnimationViewDemoVC.m */; };
		0920034C1DAD4422008266B8 /* GifDemoVC.m in Sources */ = {isa = PBXBuildFile; fileRef = 0920034B1DAD4422008266B8 /* GifDemoVC.m */; };
		092003511DAD478A008266B8 /* CRYFGifDemoViewController.m in Sources */ = {isa = PBXBuildFile; fileRef = 092003501DAD478A008266B8 /* CRYFGifDemoViewController.m */; };
		092003551DADC3AA008266B8 /* CRViewController.m in Sources */ = {isa = PBXBuildFile; fileRef = 092003541DADC3AA008266B8 /* CRViewController.m */; };
		092003581DADC3F2008266B8 /* CRItemBriefCollectionViewCell.m in Sources */ = {isa = PBXBuildFile; fileRef = 092003571DADC3F2008266B8 /* CRItemBriefCollectionViewCell.m */; };
		0920035D1DADC74F008266B8 /* CRDefines.m in Sources */ = {isa = PBXBuildFile; fileRef = 0920035C1DADC74F008266B8 /* CRDefines.m */; };
		092003631DADCE2A008266B8 /* CRItemBriefSetcionHeaderView.m in Sources */ = {isa = PBXBuildFile; fileRef = 092003621DADCE2A008266B8 /* CRItemBriefSetcionHeaderView.m */; };
		092003651DAE82F7008266B8 /* CRCardAnimationViewDemoVC.gif in Resources */ = {isa = PBXBuildFile; fileRef = 092003641DAE82F7008266B8 /* CRCardAnimationViewDemoVC.gif */; };
		092003671DAE83A4008266B8 /* CRImageGradientDemoVC.gif in Resources */ = {isa = PBXBuildFile; fileRef = 092003661DAE83A4008266B8 /* CRImageGradientDemoVC.gif */; };
		092003691DAE8457008266B8 /* GifPlay.gif in Resources */ = {isa = PBXBuildFile; fileRef = 092003681DAE8457008266B8 /* GifPlay.gif */; };
		0920036B1DAE8517008266B8 /* CRMusicCardDemoVC.gif in Resources */ = {isa = PBXBuildFile; fileRef = 0920036A1DAE8517008266B8 /* CRMusicCardDemoVC.gif */; };
		092003731DAE8E2A008266B8 /* CRImageGradientDemoInfoModel.m in Sources */ = {isa = PBXBuildFile; fileRef = 092003721DAE8E2A008266B8 /* CRImageGradientDemoInfoModel.m */; };
		092003761DAE8E57008266B8 /* CRCardAnimationViewDemoInfoModel.m in Sources */ = {isa = PBXBuildFile; fileRef = 092003751DAE8E57008266B8 /* CRCardAnimationViewDemoInfoModel.m */; };
		092003791DAE8E80008266B8 /* GifDemoInfoModel.m in Sources */ = {isa = PBXBuildFile; fileRef = 092003781DAE8E80008266B8 /* GifDemoInfoModel.m */; };
		0920037C1DAE8EA0008266B8 /* CRMusicCardDemoInfoModel.m in Sources */ = {isa = PBXBuildFile; fileRef = 0920037B1DAE8EA0008266B8 /* CRMusicCardDemoInfoModel.m */; };
		0993B46D1DA9C6790012F962 /* CRBaseViewController.m in Sources */ = {isa = PBXBuildFile; fileRef = 0993B46C1DA9C6790012F962 /* CRBaseViewController.m */; };
		09D937D61DAEAC69007694BA /* README.md in Sources */ = {isa = PBXBuildFile; fileRef = 09D937D51DAEAC69007694BA /* README.md */; };
		366BCD0EA1948D6414619360 /* Pods_CRAnimation_Tests.framework in Frameworks */ = {isa = PBXBuildFile; fileRef = 02449F62305352FC64D71D38 /* Pods_CRAnimation_Tests.framework */; };
		6003F58E195388D20070C39A /* Foundation.framework in Frameworks */ = {isa = PBXBuildFile; fileRef = 6003F58D195388D20070C39A /* Foundation.framework */; };
		6003F590195388D20070C39A /* CoreGraphics.framework in Frameworks */ = {isa = PBXBuildFile; fileRef = 6003F58F195388D20070C39A /* CoreGraphics.framework */; };
		6003F592195388D20070C39A /* UIKit.framework in Frameworks */ = {isa = PBXBuildFile; fileRef = 6003F591195388D20070C39A /* UIKit.framework */; };
		6003F598195388D20070C39A /* InfoPlist.strings in Resources */ = {isa = PBXBuildFile; fileRef = 6003F596195388D20070C39A /* InfoPlist.strings */; };
		6003F59A195388D20070C39A /* main.m in Sources */ = {isa = PBXBuildFile; fileRef = 6003F599195388D20070C39A /* main.m */; };
		6003F59E195388D20070C39A /* CRAppDelegate.m in Sources */ = {isa = PBXBuildFile; fileRef = 6003F59D195388D20070C39A /* CRAppDelegate.m */; };
		6003F5A9195388D20070C39A /* Images.xcassets in Resources */ = {isa = PBXBuildFile; fileRef = 6003F5A8195388D20070C39A /* Images.xcassets */; };
		6003F5B0195388D20070C39A /* XCTest.framework in Frameworks */ = {isa = PBXBuildFile; fileRef = 6003F5AF195388D20070C39A /* XCTest.framework */; };
		6003F5B1195388D20070C39A /* Foundation.framework in Frameworks */ = {isa = PBXBuildFile; fileRef = 6003F58D195388D20070C39A /* Foundation.framework */; };
		6003F5B2195388D20070C39A /* UIKit.framework in Frameworks */ = {isa = PBXBuildFile; fileRef = 6003F591195388D20070C39A /* UIKit.framework */; };
		6003F5BA195388D20070C39A /* InfoPlist.strings in Resources */ = {isa = PBXBuildFile; fileRef = 6003F5B8195388D20070C39A /* InfoPlist.strings */; };
		6003F5BC195388D20070C39A /* Tests.m in Sources */ = {isa = PBXBuildFile; fileRef = 6003F5BB195388D20070C39A /* Tests.m */; };
		BCFA28746AFD50F5E1BE2C1A /* Pods_CRAnimation_Example.framework in Frameworks */ = {isa = PBXBuildFile; fileRef = 59F56DF0F33F6C42324864D8 /* Pods_CRAnimation_Example.framework */; };
/* End PBXBuildFile section */

/* Begin PBXContainerItemProxy section */
		6003F5B3195388D20070C39A /* PBXContainerItemProxy */ = {
			isa = PBXContainerItemProxy;
			containerPortal = 6003F582195388D10070C39A /* Project object */;
			proxyType = 1;
			remoteGlobalIDString = 6003F589195388D20070C39A;
			remoteInfo = CRAnimation;
		};
/* End PBXContainerItemProxy section */

/* Begin PBXFileReference section */
		01463020E65BA8AF1C4FB5E1 /* CRAnimation.podspec */ = {isa = PBXFileReference; includeInIndex = 1; lastKnownFileType = text; name = CRAnimation.podspec; path = ../CRAnimation.podspec; sourceTree = "<group>"; };
		02449F62305352FC64D71D38 /* Pods_CRAnimation_Tests.framework */ = {isa = PBXFileReference; explicitFileType = wrapper.framework; includeInIndex = 0; path = Pods_CRAnimation_Tests.framework; sourceTree = BUILT_PRODUCTS_DIR; };
		092003131DAA9B63008266B8 /* CRBaseNavigationViewController.h */ = {isa = PBXFileReference; fileEncoding = 4; lastKnownFileType = sourcecode.c.h; path = CRBaseNavigationViewController.h; sourceTree = "<group>"; };
		092003141DAA9B63008266B8 /* CRBaseNavigationViewController.m */ = {isa = PBXFileReference; fileEncoding = 4; lastKnownFileType = sourcecode.c.objc; path = CRBaseNavigationViewController.m; sourceTree = "<group>"; };
		0920032B1DAAA1A6008266B8 /* CRDemoInfoModel.h */ = {isa = PBXFileReference; fileEncoding = 4; lastKnownFileType = sourcecode.c.h; path = CRDemoInfoModel.h; sourceTree = "<group>"; };
		0920032C1DAAA1A6008266B8 /* CRDemoInfoModel.m */ = {isa = PBXFileReference; fileEncoding = 4; lastKnownFileType = sourcecode.c.objc; path = CRDemoInfoModel.m; sourceTree = "<group>"; };
		092003311DAAA20B008266B8 /* CRBottomPageView.h */ = {isa = PBXFileReference; fileEncoding = 4; lastKnownFileType = sourcecode.c.h; path = CRBottomPageView.h; sourceTree = "<group>"; };
		092003321DAAA20B008266B8 /* CRBottomPageView.m */ = {isa = PBXFileReference; fileEncoding = 4; lastKnownFileType = sourcecode.c.objc; path = CRBottomPageView.m; sourceTree = "<group>"; };
		092003331DAAA20B008266B8 /* CRCardViewBack.h */ = {isa = PBXFileReference; fileEncoding = 4; lastKnownFileType = sourcecode.c.h; path = CRCardViewBack.h; sourceTree = "<group>"; };
		092003341DAAA20B008266B8 /* CRCardViewBack.m */ = {isa = PBXFileReference; fileEncoding = 4; lastKnownFileType = sourcecode.c.objc; path = CRCardViewBack.m; sourceTree = "<group>"; };
		092003351DAAA20B008266B8 /* CRCardViewFront.h */ = {isa = PBXFileReference; fileEncoding = 4; lastKnownFileType = sourcecode.c.h; path = CRCardViewFront.h; sourceTree = "<group>"; };
		092003361DAAA20B008266B8 /* CRCardViewFront.m */ = {isa = PBXFileReference; fileEncoding = 4; lastKnownFileType = sourcecode.c.objc; path = CRCardViewFront.m; sourceTree = "<group>"; };
		092003371DAAA20B008266B8 /* CRMusicCardDemoVC.h */ = {isa = PBXFileReference; fileEncoding = 4; lastKnownFileType = sourcecode.c.h; path = CRMusicCardDemoVC.h; sourceTree = "<group>"; };
		092003381DAAA20B008266B8 /* CRMusicCardDemoVC.m */ = {isa = PBXFileReference; fileEncoding = 4; lastKnownFileType = sourcecode.c.objc; path = CRMusicCardDemoVC.m; sourceTree = "<group>"; };
		092003391DAAA20B008266B8 /* CRMyCardView.h */ = {isa = PBXFileReference; fileEncoding = 4; lastKnownFileType = sourcecode.c.h; path = CRMyCardView.h; sourceTree = "<group>"; };
		0920033A1DAAA20B008266B8 /* CRMyCardView.m */ = {isa = PBXFileReference; fileEncoding = 4; lastKnownFileType = sourcecode.c.objc; path = CRMyCardView.m; sourceTree = "<group>"; };
		0920033E1DAAA20B008266B8 /* CRImageGradientDemoVC.h */ = {isa = PBXFileReference; fileEncoding = 4; lastKnownFileType = sourcecode.c.h; path = CRImageGradientDemoVC.h; sourceTree = "<group>"; };
		0920033F1DAAA20B008266B8 /* CRImageGradientDemoVC.m */ = {isa = PBXFileReference; fileEncoding = 4; lastKnownFileType = sourcecode.c.objc; path = CRImageGradientDemoVC.m; sourceTree = "<group>"; };
		092003461DAC70EB008266B8 /* CRCardAnimationViewDemoVC.h */ = {isa = PBXFileReference; fileEncoding = 4; lastKnownFileType = sourcecode.c.h; path = CRCardAnimationViewDemoVC.h; sourceTree = "<group>"; };
		092003471DAC70EB008266B8 /* CRCardAnimationViewDemoVC.m */ = {isa = PBXFileReference; fileEncoding = 4; lastKnownFileType = sourcecode.c.objc; path = CRCardAnimationViewDemoVC.m; sourceTree = "<group>"; };
		0920034A1DAD4422008266B8 /* GifDemoVC.h */ = {isa = PBXFileReference; fileEncoding = 4; lastKnownFileType = sourcecode.c.h; path = GifDemoVC.h; sourceTree = "<group>"; };
		0920034B1DAD4422008266B8 /* GifDemoVC.m */ = {isa = PBXFileReference; fileEncoding = 4; lastKnownFileType = sourcecode.c.objc; path = GifDemoVC.m; sourceTree = "<group>"; };
		0920034F1DAD478A008266B8 /* CRYFGifDemoViewController.h */ = {isa = PBXFileReference; fileEncoding = 4; lastKnownFileType = sourcecode.c.h; path = CRYFGifDemoViewController.h; sourceTree = "<group>"; };
		092003501DAD478A008266B8 /* CRYFGifDemoViewController.m */ = {isa = PBXFileReference; fileEncoding = 4; lastKnownFileType = sourcecode.c.objc; path = CRYFGifDemoViewController.m; sourceTree = "<group>"; };
		092003531DADC3AA008266B8 /* CRViewController.h */ = {isa = PBXFileReference; fileEncoding = 4; lastKnownFileType = sourcecode.c.h; path = CRViewController.h; sourceTree = "<group>"; };
		092003541DADC3AA008266B8 /* CRViewController.m */ = {isa = PBXFileReference; fileEncoding = 4; lastKnownFileType = sourcecode.c.objc; path = CRViewController.m; sourceTree = "<group>"; };
		092003561DADC3F2008266B8 /* CRItemBriefCollectionViewCell.h */ = {isa = PBXFileReference; fileEncoding = 4; lastKnownFileType = sourcecode.c.h; path = CRItemBriefCollectionViewCell.h; sourceTree = "<group>"; };
		092003571DADC3F2008266B8 /* CRItemBriefCollectionViewCell.m */ = {isa = PBXFileReference; fileEncoding = 4; lastKnownFileType = sourcecode.c.objc; path = CRItemBriefCollectionViewCell.m; sourceTree = "<group>"; };
		0920035B1DADC74F008266B8 /* CRDefines.h */ = {isa = PBXFileReference; fileEncoding = 4; lastKnownFileType = sourcecode.c.h; path = CRDefines.h; sourceTree = "<group>"; };
		0920035C1DADC74F008266B8 /* CRDefines.m */ = {isa = PBXFileReference; fileEncoding = 4; lastKnownFileType = sourcecode.c.objc; path = CRDefines.m; sourceTree = "<group>"; };
		092003611DADCE2A008266B8 /* CRItemBriefSetcionHeaderView.h */ = {isa = PBXFileReference; fileEncoding = 4; lastKnownFileType = sourcecode.c.h; path = CRItemBriefSetcionHeaderView.h; sourceTree = "<group>"; };
		092003621DADCE2A008266B8 /* CRItemBriefSetcionHeaderView.m */ = {isa = PBXFileReference; fileEncoding = 4; lastKnownFileType = sourcecode.c.objc; path = CRItemBriefSetcionHeaderView.m; sourceTree = "<group>"; };
		092003641DAE82F7008266B8 /* CRCardAnimationViewDemoVC.gif */ = {isa = PBXFileReference; lastKnownFileType = image.gif; path = CRCardAnimationViewDemoVC.gif; sourceTree = "<group>"; };
		092003661DAE83A4008266B8 /* CRImageGradientDemoVC.gif */ = {isa = PBXFileReference; lastKnownFileType = image.gif; path = CRImageGradientDemoVC.gif; sourceTree = "<group>"; };
		092003681DAE8457008266B8 /* GifPlay.gif */ = {isa = PBXFileReference; lastKnownFileType = image.gif; path = GifPlay.gif; sourceTree = "<group>"; };
		0920036A1DAE8517008266B8 /* CRMusicCardDemoVC.gif */ = {isa = PBXFileReference; lastKnownFileType = image.gif; path = CRMusicCardDemoVC.gif; sourceTree = "<group>"; };
		092003711DAE8E2A008266B8 /* CRImageGradientDemoInfoModel.h */ = {isa = PBXFileReference; fileEncoding = 4; lastKnownFileType = sourcecode.c.h; path = CRImageGradientDemoInfoModel.h; sourceTree = "<group>"; };
		092003721DAE8E2A008266B8 /* CRImageGradientDemoInfoModel.m */ = {isa = PBXFileReference; fileEncoding = 4; lastKnownFileType = sourcecode.c.objc; path = CRImageGradientDemoInfoModel.m; sourceTree = "<group>"; };
		092003741DAE8E57008266B8 /* CRCardAnimationViewDemoInfoModel.h */ = {isa = PBXFileReference; fileEncoding = 4; lastKnownFileType = sourcecode.c.h; path = CRCardAnimationViewDemoInfoModel.h; sourceTree = "<group>"; };
		092003751DAE8E57008266B8 /* CRCardAnimationViewDemoInfoModel.m */ = {isa = PBXFileReference; fileEncoding = 4; lastKnownFileType = sourcecode.c.objc; path = CRCardAnimationViewDemoInfoModel.m; sourceTree = "<group>"; };
		092003771DAE8E80008266B8 /* GifDemoInfoModel.h */ = {isa = PBXFileReference; fileEncoding = 4; lastKnownFileType = sourcecode.c.h; path = GifDemoInfoModel.h; sourceTree = "<group>"; };
		092003781DAE8E80008266B8 /* GifDemoInfoModel.m */ = {isa = PBXFileReference; fileEncoding = 4; lastKnownFileType = sourcecode.c.objc; path = GifDemoInfoModel.m; sourceTree = "<group>"; };
		0920037A1DAE8EA0008266B8 /* CRMusicCardDemoInfoModel.h */ = {isa = PBXFileReference; fileEncoding = 4; lastKnownFileType = sourcecode.c.h; path = CRMusicCardDemoInfoModel.h; sourceTree = "<group>"; };
		0920037B1DAE8EA0008266B8 /* CRMusicCardDemoInfoModel.m */ = {isa = PBXFileReference; fileEncoding = 4; lastKnownFileType = sourcecode.c.objc; path = CRMusicCardDemoInfoModel.m; sourceTree = "<group>"; };
		0993B46B1DA9C6790012F962 /* CRBaseViewController.h */ = {isa = PBXFileReference; fileEncoding = 4; lastKnownFileType = sourcecode.c.h; path = CRBaseViewController.h; sourceTree = "<group>"; };
		0993B46C1DA9C6790012F962 /* CRBaseViewController.m */ = {isa = PBXFileReference; fileEncoding = 4; lastKnownFileType = sourcecode.c.objc; path = CRBaseViewController.m; sourceTree = "<group>"; };
		09D937D51DAEAC69007694BA /* README.md */ = {isa = PBXFileReference; fileEncoding = 4; lastKnownFileType = net.daringfireball.markdown; name = README.md; path = ../../README.md; sourceTree = "<group>"; };
		0EE5779AF28D42163CC3E896 /* Pods-CRAnimation_Example.release.xcconfig */ = {isa = PBXFileReference; includeInIndex = 1; lastKnownFileType = text.xcconfig; name = "Pods-CRAnimation_Example.release.xcconfig"; path = "Pods/Target Support Files/Pods-CRAnimation_Example/Pods-CRAnimation_Example.release.xcconfig"; sourceTree = "<group>"; };
		1C7FE269E5E0C0765014CB0A /* README.md */ = {isa = PBXFileReference; includeInIndex = 1; lastKnownFileType = net.daringfireball.markdown; name = README.md; path = ../README.md; sourceTree = "<group>"; };
		59F56DF0F33F6C42324864D8 /* Pods_CRAnimation_Example.framework */ = {isa = PBXFileReference; explicitFileType = wrapper.framework; includeInIndex = 0; path = Pods_CRAnimation_Example.framework; sourceTree = BUILT_PRODUCTS_DIR; };
		6003F58A195388D20070C39A /* CRAnimation_Example.app */ = {isa = PBXFileReference; explicitFileType = wrapper.application; includeInIndex = 0; path = CRAnimation_Example.app; sourceTree = BUILT_PRODUCTS_DIR; };
		6003F58D195388D20070C39A /* Foundation.framework */ = {isa = PBXFileReference; lastKnownFileType = wrapper.framework; name = Foundation.framework; path = System/Library/Frameworks/Foundation.framework; sourceTree = SDKROOT; };
		6003F58F195388D20070C39A /* CoreGraphics.framework */ = {isa = PBXFileReference; lastKnownFileType = wrapper.framework; name = CoreGraphics.framework; path = System/Library/Frameworks/CoreGraphics.framework; sourceTree = SDKROOT; };
		6003F591195388D20070C39A /* UIKit.framework */ = {isa = PBXFileReference; lastKnownFileType = wrapper.framework; name = UIKit.framework; path = System/Library/Frameworks/UIKit.framework; sourceTree = SDKROOT; };
		6003F595195388D20070C39A /* CRAnimation-Info.plist */ = {isa = PBXFileReference; lastKnownFileType = text.plist.xml; path = "CRAnimation-Info.plist"; sourceTree = "<group>"; };
		6003F597195388D20070C39A /* en */ = {isa = PBXFileReference; lastKnownFileType = text.plist.strings; name = en; path = en.lproj/InfoPlist.strings; sourceTree = "<group>"; };
		6003F599195388D20070C39A /* main.m */ = {isa = PBXFileReference; lastKnownFileType = sourcecode.c.objc; path = main.m; sourceTree = "<group>"; };
		6003F59B195388D20070C39A /* CRAnimation-Prefix.pch */ = {isa = PBXFileReference; lastKnownFileType = sourcecode.c.h; path = "CRAnimation-Prefix.pch"; sourceTree = "<group>"; };
		6003F59C195388D20070C39A /* CRAppDelegate.h */ = {isa = PBXFileReference; lastKnownFileType = sourcecode.c.h; path = CRAppDelegate.h; sourceTree = "<group>"; };
		6003F59D195388D20070C39A /* CRAppDelegate.m */ = {isa = PBXFileReference; lastKnownFileType = sourcecode.c.objc; path = CRAppDelegate.m; sourceTree = "<group>"; };
		6003F5A8195388D20070C39A /* Images.xcassets */ = {isa = PBXFileReference; lastKnownFileType = folder.assetcatalog; path = Images.xcassets; sourceTree = "<group>"; };
		6003F5AE195388D20070C39A /* CRAnimation_Tests.xctest */ = {isa = PBXFileReference; explicitFileType = wrapper.cfbundle; includeInIndex = 0; path = CRAnimation_Tests.xctest; sourceTree = BUILT_PRODUCTS_DIR; };
		6003F5AF195388D20070C39A /* XCTest.framework */ = {isa = PBXFileReference; lastKnownFileType = wrapper.framework; name = XCTest.framework; path = Library/Frameworks/XCTest.framework; sourceTree = DEVELOPER_DIR; };
		6003F5B7195388D20070C39A /* Tests-Info.plist */ = {isa = PBXFileReference; lastKnownFileType = text.plist.xml; path = "Tests-Info.plist"; sourceTree = "<group>"; };
		6003F5B9195388D20070C39A /* en */ = {isa = PBXFileReference; lastKnownFileType = text.plist.strings; name = en; path = en.lproj/InfoPlist.strings; sourceTree = "<group>"; };
		6003F5BB195388D20070C39A /* Tests.m */ = {isa = PBXFileReference; lastKnownFileType = sourcecode.c.objc; path = Tests.m; sourceTree = "<group>"; };
		606FC2411953D9B200FFA9A0 /* Tests-Prefix.pch */ = {isa = PBXFileReference; lastKnownFileType = sourcecode.c.h; path = "Tests-Prefix.pch"; sourceTree = "<group>"; };
		78F10664FBE1F9AD60E81962 /* Pods-CRAnimation_Example.debug.xcconfig */ = {isa = PBXFileReference; includeInIndex = 1; lastKnownFileType = text.xcconfig; name = "Pods-CRAnimation_Example.debug.xcconfig"; path = "Pods/Target Support Files/Pods-CRAnimation_Example/Pods-CRAnimation_Example.debug.xcconfig"; sourceTree = "<group>"; };
		CD775529C0010A6B82D84DCC /* Pods-CRAnimation_Tests.debug.xcconfig */ = {isa = PBXFileReference; includeInIndex = 1; lastKnownFileType = text.xcconfig; name = "Pods-CRAnimation_Tests.debug.xcconfig"; path = "Pods/Target Support Files/Pods-CRAnimation_Tests/Pods-CRAnimation_Tests.debug.xcconfig"; sourceTree = "<group>"; };
		E7C662237C9E60F0C433AB69 /* Pods-CRAnimation_Tests.release.xcconfig */ = {isa = PBXFileReference; includeInIndex = 1; lastKnownFileType = text.xcconfig; name = "Pods-CRAnimation_Tests.release.xcconfig"; path = "Pods/Target Support Files/Pods-CRAnimation_Tests/Pods-CRAnimation_Tests.release.xcconfig"; sourceTree = "<group>"; };
		F220D5C14A899040CB268169 /* LICENSE */ = {isa = PBXFileReference; includeInIndex = 1; lastKnownFileType = text; name = LICENSE; path = ../LICENSE; sourceTree = "<group>"; };
/* End PBXFileReference section */

/* Begin PBXFrameworksBuildPhase section */
		6003F587195388D20070C39A /* Frameworks */ = {
			isa = PBXFrameworksBuildPhase;
			buildActionMask = 2147483647;
			files = (
				6003F590195388D20070C39A /* CoreGraphics.framework in Frameworks */,
				6003F592195388D20070C39A /* UIKit.framework in Frameworks */,
				6003F58E195388D20070C39A /* Foundation.framework in Frameworks */,
				BCFA28746AFD50F5E1BE2C1A /* Pods_CRAnimation_Example.framework in Frameworks */,
			);
			runOnlyForDeploymentPostprocessing = 0;
		};
		6003F5AB195388D20070C39A /* Frameworks */ = {
			isa = PBXFrameworksBuildPhase;
			buildActionMask = 2147483647;
			files = (
				6003F5B0195388D20070C39A /* XCTest.framework in Frameworks */,
				6003F5B2195388D20070C39A /* UIKit.framework in Frameworks */,
				6003F5B1195388D20070C39A /* Foundation.framework in Frameworks */,
				366BCD0EA1948D6414619360 /* Pods_CRAnimation_Tests.framework in Frameworks */,
			);
			runOnlyForDeploymentPostprocessing = 0;
		};
/* End PBXFrameworksBuildPhase section */

/* Begin PBXGroup section */
		0920032A1DAAA197008266B8 /* Model */ = {
			isa = PBXGroup;
			children = (
				0920032B1DAAA1A6008266B8 /* CRDemoInfoModel.h */,
				0920032C1DAAA1A6008266B8 /* CRDemoInfoModel.m */,
			);
			path = Model;
			sourceTree = "<group>";
		};
		0920032E1DAAA20B008266B8 /* Demo */ = {
			isa = PBXGroup;
			children = (
				0920033B1DAAA20B008266B8 /* WidgetDemo */,
				0920032F1DAAA20B008266B8 /* MixDemo */,
			);
			path = Demo;
			sourceTree = "<group>";
		};
		0920032F1DAAA20B008266B8 /* MixDemo */ = {
			isa = PBXGroup;
			children = (
				092003301DAAA20B008266B8 /* CRMusicCardDemo */,
			);
			path = MixDemo;
			sourceTree = "<group>";
		};
		092003301DAAA20B008266B8 /* CRMusicCardDemo */ = {
			isa = PBXGroup;
			children = (
				0920036A1DAE8517008266B8 /* CRMusicCardDemoVC.gif */,
				0920037A1DAE8EA0008266B8 /* CRMusicCardDemoInfoModel.h */,
				0920037B1DAE8EA0008266B8 /* CRMusicCardDemoInfoModel.m */,
				092003371DAAA20B008266B8 /* CRMusicCardDemoVC.h */,
				092003381DAAA20B008266B8 /* CRMusicCardDemoVC.m */,
				092003311DAAA20B008266B8 /* CRBottomPageView.h */,
				092003321DAAA20B008266B8 /* CRBottomPageView.m */,
				092003331DAAA20B008266B8 /* CRCardViewBack.h */,
				092003341DAAA20B008266B8 /* CRCardViewBack.m */,
				092003351DAAA20B008266B8 /* CRCardViewFront.h */,
				092003361DAAA20B008266B8 /* CRCardViewFront.m */,
				092003391DAAA20B008266B8 /* CRMyCardView.h */,
				0920033A1DAAA20B008266B8 /* CRMyCardView.m */,
			);
			path = CRMusicCardDemo;
			sourceTree = "<group>";
		};
		0920033B1DAAA20B008266B8 /* WidgetDemo */ = {
			isa = PBXGroup;
			children = (
				0920033C1DAAA20B008266B8 /* CRCardAnimationViewDemo */,
				0920033D1DAAA20B008266B8 /* CRImageGradientViewDemo */,
				092003491DAD440B008266B8 /* GifDemo */,
			);
			path = WidgetDemo;
			sourceTree = "<group>";
		};
		0920033C1DAAA20B008266B8 /* CRCardAnimationViewDemo */ = {
			isa = PBXGroup;
			children = (
				092003641DAE82F7008266B8 /* CRCardAnimationViewDemoVC.gif */,
				092003741DAE8E57008266B8 /* CRCardAnimationViewDemoInfoModel.h */,
				092003751DAE8E57008266B8 /* CRCardAnimationViewDemoInfoModel.m */,
				092003461DAC70EB008266B8 /* CRCardAnimationViewDemoVC.h */,
				092003471DAC70EB008266B8 /* CRCardAnimationViewDemoVC.m */,
			);
			path = CRCardAnimationViewDemo;
			sourceTree = "<group>";
		};
		0920033D1DAAA20B008266B8 /* CRImageGradientViewDemo */ = {
			isa = PBXGroup;
			children = (
				092003661DAE83A4008266B8 /* CRImageGradientDemoVC.gif */,
				092003711DAE8E2A008266B8 /* CRImageGradientDemoInfoModel.h */,
				092003721DAE8E2A008266B8 /* CRImageGradientDemoInfoModel.m */,
				0920033E1DAAA20B008266B8 /* CRImageGradientDemoVC.h */,
				0920033F1DAAA20B008266B8 /* CRImageGradientDemoVC.m */,
			);
			path = CRImageGradientViewDemo;
			sourceTree = "<group>";
		};
		092003491DAD440B008266B8 /* GifDemo */ = {
			isa = PBXGroup;
			children = (
				092003681DAE8457008266B8 /* GifPlay.gif */,
				092003771DAE8E80008266B8 /* GifDemoInfoModel.h */,
				092003781DAE8E80008266B8 /* GifDemoInfoModel.m */,
				0920034A1DAD4422008266B8 /* GifDemoVC.h */,
				0920034B1DAD4422008266B8 /* GifDemoVC.m */,
				0920034F1DAD478A008266B8 /* CRYFGifDemoViewController.h */,
				092003501DAD478A008266B8 /* CRYFGifDemoViewController.m */,
			);
			path = GifDemo;
			sourceTree = "<group>";
		};
		092003521DADC3AA008266B8 /* MainVC */ = {
			isa = PBXGroup;
			children = (
				092003531DADC3AA008266B8 /* CRViewController.h */,
				092003541DADC3AA008266B8 /* CRViewController.m */,
				092003561DADC3F2008266B8 /* CRItemBriefCollectionViewCell.h */,
				092003571DADC3F2008266B8 /* CRItemBriefCollectionViewCell.m */,
				092003611DADCE2A008266B8 /* CRItemBriefSetcionHeaderView.h */,
				092003621DADCE2A008266B8 /* CRItemBriefSetcionHeaderView.m */,
			);
			path = MainVC;
			sourceTree = "<group>";
		};
		0993B46A1DA9C6650012F962 /* Base */ = {
			isa = PBXGroup;
			children = (
				0993B46B1DA9C6790012F962 /* CRBaseViewController.h */,
				0993B46C1DA9C6790012F962 /* CRBaseViewController.m */,
				092003131DAA9B63008266B8 /* CRBaseNavigationViewController.h */,
				092003141DAA9B63008266B8 /* CRBaseNavigationViewController.m */,
			);
			path = Base;
			sourceTree = "<group>";
		};
		6003F581195388D10070C39A = {
			isa = PBXGroup;
			children = (
				60FF7A9C1954A5C5007DD14C /* Podspec Metadata */,
				6003F593195388D20070C39A /* Example for CRAnimation */,
				6003F5B5195388D20070C39A /* Tests */,
				6003F58C195388D20070C39A /* Frameworks */,
				6003F58B195388D20070C39A /* Products */,
				F5EB1731A5BEC885A1A1B6B4 /* Pods */,
			);
			sourceTree = "<group>";
		};
		6003F58B195388D20070C39A /* Products */ = {
			isa = PBXGroup;
			children = (
				6003F58A195388D20070C39A /* CRAnimation_Example.app */,
				6003F5AE195388D20070C39A /* CRAnimation_Tests.xctest */,
			);
			name = Products;
			sourceTree = "<group>";
		};
		6003F58C195388D20070C39A /* Frameworks */ = {
			isa = PBXGroup;
			children = (
				6003F58D195388D20070C39A /* Foundation.framework */,
				6003F58F195388D20070C39A /* CoreGraphics.framework */,
				6003F591195388D20070C39A /* UIKit.framework */,
				6003F5AF195388D20070C39A /* XCTest.framework */,
				59F56DF0F33F6C42324864D8 /* Pods_CRAnimation_Example.framework */,
				02449F62305352FC64D71D38 /* Pods_CRAnimation_Tests.framework */,
			);
			name = Frameworks;
			sourceTree = "<group>";
		};
		6003F593195388D20070C39A /* Example for CRAnimation */ = {
			isa = PBXGroup;
			children = (
				6003F59C195388D20070C39A /* CRAppDelegate.h */,
				6003F59D195388D20070C39A /* CRAppDelegate.m */,
				0920035B1DADC74F008266B8 /* CRDefines.h */,
				0920035C1DADC74F008266B8 /* CRDefines.m */,
				092003521DADC3AA008266B8 /* MainVC */,
				0920032A1DAAA197008266B8 /* Model */,
				0993B46A1DA9C6650012F962 /* Base */,
				0920032E1DAAA20B008266B8 /* Demo */,
				6003F5A8195388D20070C39A /* Images.xcassets */,
				6003F594195388D20070C39A /* Supporting Files */,
			);
			name = "Example for CRAnimation";
			path = CRAnimation;
			sourceTree = "<group>";
		};
		6003F594195388D20070C39A /* Supporting Files */ = {
			isa = PBXGroup;
			children = (
				6003F595195388D20070C39A /* CRAnimation-Info.plist */,
				6003F596195388D20070C39A /* InfoPlist.strings */,
				6003F599195388D20070C39A /* main.m */,
				6003F59B195388D20070C39A /* CRAnimation-Prefix.pch */,
				09D937D51DAEAC69007694BA /* README.md */,
			);
			name = "Supporting Files";
			sourceTree = "<group>";
		};
		6003F5B5195388D20070C39A /* Tests */ = {
			isa = PBXGroup;
			children = (
				6003F5BB195388D20070C39A /* Tests.m */,
				6003F5B6195388D20070C39A /* Supporting Files */,
			);
			path = Tests;
			sourceTree = "<group>";
		};
		6003F5B6195388D20070C39A /* Supporting Files */ = {
			isa = PBXGroup;
			children = (
				6003F5B7195388D20070C39A /* Tests-Info.plist */,
				6003F5B8195388D20070C39A /* InfoPlist.strings */,
				606FC2411953D9B200FFA9A0 /* Tests-Prefix.pch */,
			);
			name = "Supporting Files";
			sourceTree = "<group>";
		};
		60FF7A9C1954A5C5007DD14C /* Podspec Metadata */ = {
			isa = PBXGroup;
			children = (
				01463020E65BA8AF1C4FB5E1 /* CRAnimation.podspec */,
				1C7FE269E5E0C0765014CB0A /* README.md */,
				F220D5C14A899040CB268169 /* LICENSE */,
			);
			name = "Podspec Metadata";
			sourceTree = "<group>";
		};
		F5EB1731A5BEC885A1A1B6B4 /* Pods */ = {
			isa = PBXGroup;
			children = (
				78F10664FBE1F9AD60E81962 /* Pods-CRAnimation_Example.debug.xcconfig */,
				0EE5779AF28D42163CC3E896 /* Pods-CRAnimation_Example.release.xcconfig */,
				CD775529C0010A6B82D84DCC /* Pods-CRAnimation_Tests.debug.xcconfig */,
				E7C662237C9E60F0C433AB69 /* Pods-CRAnimation_Tests.release.xcconfig */,
			);
			name = Pods;
			sourceTree = "<group>";
		};
/* End PBXGroup section */

/* Begin PBXNativeTarget section */
		6003F589195388D20070C39A /* CRAnimation_Example */ = {
			isa = PBXNativeTarget;
			buildConfigurationList = 6003F5BF195388D20070C39A /* Build configuration list for PBXNativeTarget "CRAnimation_Example" */;
			buildPhases = (
				F61F1CF0251B4B6FE81CC64F /* [CP] Check Pods Manifest.lock */,
				6003F586195388D20070C39A /* Sources */,
				6003F587195388D20070C39A /* Frameworks */,
				6003F588195388D20070C39A /* Resources */,
				034C6F1DAECBD9FE755A8CB3 /* [CP] Embed Pods Frameworks */,
				4143EC936961473DBD4268D8 /* [CP] Copy Pods Resources */,
			);
			buildRules = (
			);
			dependencies = (
			);
			name = CRAnimation_Example;
			productName = CRAnimation;
			productReference = 6003F58A195388D20070C39A /* CRAnimation_Example.app */;
			productType = "com.apple.product-type.application";
		};
		6003F5AD195388D20070C39A /* CRAnimation_Tests */ = {
			isa = PBXNativeTarget;
			buildConfigurationList = 6003F5C2195388D20070C39A /* Build configuration list for PBXNativeTarget "CRAnimation_Tests" */;
			buildPhases = (
				2B96F60F53AEFA467AAE7928 /* [CP] Check Pods Manifest.lock */,
				6003F5AA195388D20070C39A /* Sources */,
				6003F5AB195388D20070C39A /* Frameworks */,
				6003F5AC195388D20070C39A /* Resources */,
				F631833200D3FB37A9A6F0BA /* [CP] Embed Pods Frameworks */,
				1B88A392EE36004B911876A9 /* [CP] Copy Pods Resources */,
			);
			buildRules = (
			);
			dependencies = (
				6003F5B4195388D20070C39A /* PBXTargetDependency */,
			);
			name = CRAnimation_Tests;
			productName = CRAnimationTests;
			productReference = 6003F5AE195388D20070C39A /* CRAnimation_Tests.xctest */;
			productType = "com.apple.product-type.bundle.unit-test";
		};
/* End PBXNativeTarget section */

/* Begin PBXProject section */
		6003F582195388D10070C39A /* Project object */ = {
			isa = PBXProject;
			attributes = {
				CLASSPREFIX = CR;
				LastUpgradeCheck = 0720;
				ORGANIZATIONNAME = BearRan;
				TargetAttributes = {
					6003F589195388D20070C39A = {
						DevelopmentTeam = 28R7P5U993;
						ProvisioningStyle = Manual;
					};
					6003F5AD195388D20070C39A = {
						TestTargetID = 6003F589195388D20070C39A;
					};
				};
			};
			buildConfigurationList = 6003F585195388D10070C39A /* Build configuration list for PBXProject "CRAnimation" */;
			compatibilityVersion = "Xcode 3.2";
			developmentRegion = English;
			hasScannedForEncodings = 0;
			knownRegions = (
				en,
				Base,
			);
			mainGroup = 6003F581195388D10070C39A;
			productRefGroup = 6003F58B195388D20070C39A /* Products */;
			projectDirPath = "";
			projectRoot = "";
			targets = (
				6003F589195388D20070C39A /* CRAnimation_Example */,
				6003F5AD195388D20070C39A /* CRAnimation_Tests */,
			);
		};
/* End PBXProject section */

/* Begin PBXResourcesBuildPhase section */
		6003F588195388D20070C39A /* Resources */ = {
			isa = PBXResourcesBuildPhase;
			buildActionMask = 2147483647;
			files = (
				092003671DAE83A4008266B8 /* CRImageGradientDemoVC.gif in Resources */,
				6003F5A9195388D20070C39A /* Images.xcassets in Resources */,
				092003691DAE8457008266B8 /* GifPlay.gif in Resources */,
				092003651DAE82F7008266B8 /* CRCardAnimationViewDemoVC.gif in Resources */,
				6003F598195388D20070C39A /* InfoPlist.strings in Resources */,
				0920036B1DAE8517008266B8 /* CRMusicCardDemoVC.gif in Resources */,
			);
			runOnlyForDeploymentPostprocessing = 0;
		};
		6003F5AC195388D20070C39A /* Resources */ = {
			isa = PBXResourcesBuildPhase;
			buildActionMask = 2147483647;
			files = (
				6003F5BA195388D20070C39A /* InfoPlist.strings in Resources */,
			);
			runOnlyForDeploymentPostprocessing = 0;
		};
/* End PBXResourcesBuildPhase section */

/* Begin PBXShellScriptBuildPhase section */
		034C6F1DAECBD9FE755A8CB3 /* [CP] Embed Pods Frameworks */ = {
			isa = PBXShellScriptBuildPhase;
			buildActionMask = 2147483647;
			files = (
			);
			inputPaths = (
			);
			name = "[CP] Embed Pods Frameworks";
			outputPaths = (
			);
			runOnlyForDeploymentPostprocessing = 0;
			shellPath = /bin/sh;
			shellScript = "\"${SRCROOT}/Pods/Target Support Files/Pods-CRAnimation_Example/Pods-CRAnimation_Example-frameworks.sh\"\n";
			showEnvVarsInLog = 0;
		};
		1B88A392EE36004B911876A9 /* [CP] Copy Pods Resources */ = {
			isa = PBXShellScriptBuildPhase;
			buildActionMask = 2147483647;
			files = (
			);
			inputPaths = (
			);
			name = "[CP] Copy Pods Resources";
			outputPaths = (
			);
			runOnlyForDeploymentPostprocessing = 0;
			shellPath = /bin/sh;
			shellScript = "\"${SRCROOT}/Pods/Target Support Files/Pods-CRAnimation_Tests/Pods-CRAnimation_Tests-resources.sh\"\n";
			showEnvVarsInLog = 0;
		};
		2B96F60F53AEFA467AAE7928 /* [CP] Check Pods Manifest.lock */ = {
			isa = PBXShellScriptBuildPhase;
			buildActionMask = 2147483647;
			files = (
			);
			inputPaths = (
			);
			name = "[CP] Check Pods Manifest.lock";
			outputPaths = (
			);
			runOnlyForDeploymentPostprocessing = 0;
			shellPath = /bin/sh;
			shellScript = "diff \"${PODS_ROOT}/../Podfile.lock\" \"${PODS_ROOT}/Manifest.lock\" > /dev/null\nif [ $? != 0 ] ; then\n    # print error to STDERR\n    echo \"error: The sandbox is not in sync with the Podfile.lock. Run 'pod install' or update your CocoaPods installation.\" >&2\n    exit 1\nfi\n";
			showEnvVarsInLog = 0;
		};
		4143EC936961473DBD4268D8 /* [CP] Copy Pods Resources */ = {
			isa = PBXShellScriptBuildPhase;
			buildActionMask = 2147483647;
			files = (
			);
			inputPaths = (
			);
			name = "[CP] Copy Pods Resources";
			outputPaths = (
			);
			runOnlyForDeploymentPostprocessing = 0;
			shellPath = /bin/sh;
			shellScript = "\"${SRCROOT}/Pods/Target Support Files/Pods-CRAnimation_Example/Pods-CRAnimation_Example-resources.sh\"\n";
			showEnvVarsInLog = 0;
		};
		F61F1CF0251B4B6FE81CC64F /* [CP] Check Pods Manifest.lock */ = {
			isa = PBXShellScriptBuildPhase;
			buildActionMask = 2147483647;
			files = (
			);
			inputPaths = (
			);
			name = "[CP] Check Pods Manifest.lock";
			outputPaths = (
			);
			runOnlyForDeploymentPostprocessing = 0;
			shellPath = /bin/sh;
			shellScript = "diff \"${PODS_ROOT}/../Podfile.lock\" \"${PODS_ROOT}/Manifest.lock\" > /dev/null\nif [ $? != 0 ] ; then\n    # print error to STDERR\n    echo \"error: The sandbox is not in sync with the Podfile.lock. Run 'pod install' or update your CocoaPods installation.\" >&2\n    exit 1\nfi\n";
			showEnvVarsInLog = 0;
		};
		F631833200D3FB37A9A6F0BA /* [CP] Embed Pods Frameworks */ = {
			isa = PBXShellScriptBuildPhase;
			buildActionMask = 2147483647;
			files = (
			);
			inputPaths = (
			);
			name = "[CP] Embed Pods Frameworks";
			outputPaths = (
			);
			runOnlyForDeploymentPostprocessing = 0;
			shellPath = /bin/sh;
			shellScript = "\"${SRCROOT}/Pods/Target Support Files/Pods-CRAnimation_Tests/Pods-CRAnimation_Tests-frameworks.sh\"\n";
			showEnvVarsInLog = 0;
		};
/* End PBXShellScriptBuildPhase section */

/* Begin PBXSourcesBuildPhase section */
		6003F586195388D20070C39A /* Sources */ = {
			isa = PBXSourcesBuildPhase;
			buildActionMask = 2147483647;
			files = (
				6003F59E195388D20070C39A /* CRAppDelegate.m in Sources */,
				092003551DADC3AA008266B8 /* CRViewController.m in Sources */,
				0920034C1DAD4422008266B8 /* GifDemoVC.m in Sources */,
				0920035D1DADC74F008266B8 /* CRDefines.m in Sources */,
				092003441DAAA20B008266B8 /* CRMyCardView.m in Sources */,
				0920032D1DAAA1A6008266B8 /* CRDemoInfoModel.m in Sources */,
				092003421DAAA20B008266B8 /* CRCardViewFront.m in Sources */,
				6003F59A195388D20070C39A /* main.m in Sources */,
				09D937D61DAEAC69007694BA /* README.md in Sources */,
				092003151DAA9B63008266B8 /* CRBaseNavigationViewController.m in Sources */,
				092003791DAE8E80008266B8 /* GifDemoInfoModel.m in Sources */,
				092003761DAE8E57008266B8 /* CRCardAnimationViewDemoInfoModel.m in Sources */,
				092003731DAE8E2A008266B8 /* CRImageGradientDemoInfoModel.m in Sources */,
				0993B46D1DA9C6790012F962 /* CRBaseViewController.m in Sources */,
				092003481DAC70EB008266B8 /* CRCardAnimationViewDemoVC.m in Sources */,
				092003401DAAA20B008266B8 /* CRBottomPageView.m in Sources */,
				092003431DAAA20B008266B8 /* CRMusicCardDemoVC.m in Sources */,
				092003451DAAA20B008266B8 /* CRImageGradientDemoVC.m in Sources */,
				0920037C1DAE8EA0008266B8 /* CRMusicCardDemoInfoModel.m in Sources */,
				092003581DADC3F2008266B8 /* CRItemBriefCollectionViewCell.m in Sources */,
				092003631DADCE2A008266B8 /* CRItemBriefSetcionHeaderView.m in Sources */,
				092003411DAAA20B008266B8 /* CRCardViewBack.m in Sources */,
				092003511DAD478A008266B8 /* CRYFGifDemoViewController.m in Sources */,
			);
			runOnlyForDeploymentPostprocessing = 0;
		};
		6003F5AA195388D20070C39A /* Sources */ = {
			isa = PBXSourcesBuildPhase;
			buildActionMask = 2147483647;
			files = (
				6003F5BC195388D20070C39A /* Tests.m in Sources */,
			);
			runOnlyForDeploymentPostprocessing = 0;
		};
/* End PBXSourcesBuildPhase section */

/* Begin PBXTargetDependency section */
		6003F5B4195388D20070C39A /* PBXTargetDependency */ = {
			isa = PBXTargetDependency;
			target = 6003F589195388D20070C39A /* CRAnimation_Example */;
			targetProxy = 6003F5B3195388D20070C39A /* PBXContainerItemProxy */;
		};
/* End PBXTargetDependency section */

/* Begin PBXVariantGroup section */
		6003F596195388D20070C39A /* InfoPlist.strings */ = {
			isa = PBXVariantGroup;
			children = (
				6003F597195388D20070C39A /* en */,
			);
			name = InfoPlist.strings;
			sourceTree = "<group>";
		};
		6003F5B8195388D20070C39A /* InfoPlist.strings */ = {
			isa = PBXVariantGroup;
			children = (
				6003F5B9195388D20070C39A /* en */,
			);
			name = InfoPlist.strings;
			sourceTree = "<group>";
		};
/* End PBXVariantGroup section */

/* Begin XCBuildConfiguration section */
		6003F5BD195388D20070C39A /* Debug */ = {
			isa = XCBuildConfiguration;
			buildSettings = {
				ALWAYS_SEARCH_USER_PATHS = NO;
				CLANG_CXX_LANGUAGE_STANDARD = "gnu++0x";
				CLANG_CXX_LIBRARY = "libc++";
				CLANG_ENABLE_MODULES = YES;
				CLANG_ENABLE_OBJC_ARC = YES;
				CLANG_WARN_BOOL_CONVERSION = YES;
				CLANG_WARN_CONSTANT_CONVERSION = YES;
				CLANG_WARN_DIRECT_OBJC_ISA_USAGE = YES_ERROR;
				CLANG_WARN_EMPTY_BODY = YES;
				CLANG_WARN_ENUM_CONVERSION = YES;
				CLANG_WARN_INT_CONVERSION = YES;
				CLANG_WARN_OBJC_ROOT_CLASS = YES_ERROR;
				CLANG_WARN__DUPLICATE_METHOD_MATCH = YES;
				"CODE_SIGN_IDENTITY[sdk=iphoneos*]" = "iPhone Developer";
				COPY_PHASE_STRIP = NO;
				ENABLE_TESTABILITY = YES;
				GCC_C_LANGUAGE_STANDARD = gnu99;
				GCC_DYNAMIC_NO_PIC = NO;
				GCC_OPTIMIZATION_LEVEL = 0;
				GCC_PREPROCESSOR_DEFINITIONS = (
					"DEBUG=1",
					"$(inherited)",
				);
				GCC_SYMBOLS_PRIVATE_EXTERN = NO;
				GCC_WARN_64_TO_32_BIT_CONVERSION = YES;
				GCC_WARN_ABOUT_RETURN_TYPE = YES_ERROR;
				GCC_WARN_UNDECLARED_SELECTOR = YES;
				GCC_WARN_UNINITIALIZED_AUTOS = YES_AGGRESSIVE;
				GCC_WARN_UNUSED_FUNCTION = YES;
				GCC_WARN_UNUSED_VARIABLE = YES;
				IPHONEOS_DEPLOYMENT_TARGET = 8.3;
				ONLY_ACTIVE_ARCH = YES;
				SDKROOT = iphoneos;
				TARGETED_DEVICE_FAMILY = "1,2";
			};
			name = Debug;
		};
		6003F5BE195388D20070C39A /* Release */ = {
			isa = XCBuildConfiguration;
			buildSettings = {
				ALWAYS_SEARCH_USER_PATHS = NO;
				CLANG_CXX_LANGUAGE_STANDARD = "gnu++0x";
				CLANG_CXX_LIBRARY = "libc++";
				CLANG_ENABLE_MODULES = YES;
				CLANG_ENABLE_OBJC_ARC = YES;
				CLANG_WARN_BOOL_CONVERSION = YES;
				CLANG_WARN_CONSTANT_CONVERSION = YES;
				CLANG_WARN_DIRECT_OBJC_ISA_USAGE = YES_ERROR;
				CLANG_WARN_EMPTY_BODY = YES;
				CLANG_WARN_ENUM_CONVERSION = YES;
				CLANG_WARN_INT_CONVERSION = YES;
				CLANG_WARN_OBJC_ROOT_CLASS = YES_ERROR;
				CLANG_WARN__DUPLICATE_METHOD_MATCH = YES;
				"CODE_SIGN_IDENTITY[sdk=iphoneos*]" = "iPhone Developer";
				COPY_PHASE_STRIP = YES;
				ENABLE_NS_ASSERTIONS = NO;
				GCC_C_LANGUAGE_STANDARD = gnu99;
				GCC_WARN_64_TO_32_BIT_CONVERSION = YES;
				GCC_WARN_ABOUT_RETURN_TYPE = YES_ERROR;
				GCC_WARN_UNDECLARED_SELECTOR = YES;
				GCC_WARN_UNINITIALIZED_AUTOS = YES_AGGRESSIVE;
				GCC_WARN_UNUSED_FUNCTION = YES;
				GCC_WARN_UNUSED_VARIABLE = YES;
				IPHONEOS_DEPLOYMENT_TARGET = 8.3;
				SDKROOT = iphoneos;
				TARGETED_DEVICE_FAMILY = "1,2";
				VALIDATE_PRODUCT = YES;
			};
			name = Release;
		};
		6003F5C0195388D20070C39A /* Debug */ = {
			isa = XCBuildConfiguration;
			baseConfigurationReference = 78F10664FBE1F9AD60E81962 /* Pods-CRAnimation_Example.debug.xcconfig */;
			buildSettings = {
				ASSETCATALOG_COMPILER_APPICON_NAME = AppIcon;
				ASSETCATALOG_COMPILER_LAUNCHIMAGE_NAME = LaunchImage;
				DEVELOPMENT_TEAM = 28R7P5U993;
				GCC_PRECOMPILE_PREFIX_HEADER = YES;
				GCC_PREFIX_HEADER = "CRAnimation/CRAnimation-Prefix.pch";
				INFOPLIST_FILE = "CRAnimation/CRAnimation-Info.plist";
				IPHONEOS_DEPLOYMENT_TARGET = 8.0;
				MODULE_NAME = ExampleApp;
				PRODUCT_BUNDLE_IDENTIFIER = com.crossStreet.forDevelopment;
				PRODUCT_NAME = "$(TARGET_NAME)";
				PROVISIONING_PROFILE = "5e9bbe3d-49b2-4e92-a35c-a5a01f123110";
				PROVISIONING_PROFILE_SPECIFIER = CorssStreet_dev_03;
				WRAPPER_EXTENSION = app;
			};
			name = Debug;
		};
		6003F5C1195388D20070C39A /* Release */ = {
			isa = XCBuildConfiguration;
			baseConfigurationReference = 0EE5779AF28D42163CC3E896 /* Pods-CRAnimation_Example.release.xcconfig */;
			buildSettings = {
				ASSETCATALOG_COMPILER_APPICON_NAME = AppIcon;
				ASSETCATALOG_COMPILER_LAUNCHIMAGE_NAME = LaunchImage;
				DEVELOPMENT_TEAM = "";
				GCC_PRECOMPILE_PREFIX_HEADER = YES;
				GCC_PREFIX_HEADER = "CRAnimation/CRAnimation-Prefix.pch";
				INFOPLIST_FILE = "CRAnimation/CRAnimation-Info.plist";
				IPHONEOS_DEPLOYMENT_TARGET = 8.0;
				MODULE_NAME = ExampleApp;
				PRODUCT_BUNDLE_IDENTIFIER = com.crossStreet.forDevelopment;
				PRODUCT_NAME = "$(TARGET_NAME)";
				WRAPPER_EXTENSION = app;
			};
			name = Release;
		};
		6003F5C3195388D20070C39A /* Debug */ = {
			isa = XCBuildConfiguration;
			baseConfigurationReference = CD775529C0010A6B82D84DCC /* Pods-CRAnimation_Tests.debug.xcconfig */;
			buildSettings = {
				BUNDLE_LOADER = "$(TEST_HOST)";
				FRAMEWORK_SEARCH_PATHS = (
					"$(SDKROOT)/Developer/Library/Frameworks",
					"$(inherited)",
					"$(DEVELOPER_FRAMEWORKS_DIR)",
				);
				GCC_PRECOMPILE_PREFIX_HEADER = YES;
				GCC_PREFIX_HEADER = "Tests/Tests-Prefix.pch";
				GCC_PREPROCESSOR_DEFINITIONS = (
					"DEBUG=1",
					"$(inherited)",
				);
				INFOPLIST_FILE = "Tests/Tests-Info.plist";
				PRODUCT_BUNDLE_IDENTIFIER = "org.cocoapods.demo.${PRODUCT_NAME:rfc1034identifier}";
				PRODUCT_NAME = "$(TARGET_NAME)";
				TEST_HOST = "$(BUILT_PRODUCTS_DIR)/CRAnimation_Example.app/CRAnimation_Example";
				WRAPPER_EXTENSION = xctest;
			};
			name = Debug;
		};
		6003F5C4195388D20070C39A /* Release */ = {
			isa = XCBuildConfiguration;
			baseConfigurationReference = E7C662237C9E60F0C433AB69 /* Pods-CRAnimation_Tests.release.xcconfig */;
			buildSettings = {
				BUNDLE_LOADER = "$(TEST_HOST)";
				FRAMEWORK_SEARCH_PATHS = (
					"$(SDKROOT)/Developer/Library/Frameworks",
					"$(inherited)",
					"$(DEVELOPER_FRAMEWORKS_DIR)",
				);
				GCC_PRECOMPILE_PREFIX_HEADER = YES;
				GCC_PREFIX_HEADER = "Tests/Tests-Prefix.pch";
				INFOPLIST_FILE = "Tests/Tests-Info.plist";
				PRODUCT_BUNDLE_IDENTIFIER = "org.cocoapods.demo.${PRODUCT_NAME:rfc1034identifier}";
				PRODUCT_NAME = "$(TARGET_NAME)";
				TEST_HOST = "$(BUILT_PRODUCTS_DIR)/CRAnimation_Example.app/CRAnimation_Example";
				WRAPPER_EXTENSION = xctest;
			};
			name = Release;
		};
/* End XCBuildConfiguration section */

/* Begin XCConfigurationList section */
		6003F585195388D10070C39A /* Build configuration list for PBXProject "CRAnimation" */ = {
			isa = XCConfigurationList;
			buildConfigurations = (
				6003F5BD195388D20070C39A /* Debug */,
				6003F5BE195388D20070C39A /* Release */,
			);
			defaultConfigurationIsVisible = 0;
			defaultConfigurationName = Release;
		};
		6003F5BF195388D20070C39A /* Build configuration list for PBXNativeTarget "CRAnimation_Example" */ = {
			isa = XCConfigurationList;
			buildConfigurations = (
				6003F5C0195388D20070C39A /* Debug */,
				6003F5C1195388D20070C39A /* Release */,
			);
			defaultConfigurationIsVisible = 0;
			defaultConfigurationName = Release;
		};
		6003F5C2195388D20070C39A /* Build configuration list for PBXNativeTarget "CRAnimation_Tests" */ = {
			isa = XCConfigurationList;
			buildConfigurations = (
				6003F5C3195388D20070C39A /* Debug */,
				6003F5C4195388D20070C39A /* Release */,
			);
			defaultConfigurationIsVisible = 0;
			defaultConfigurationName = Release;
		};
/* End XCConfigurationList section */
	};
	rootObject = 6003F582195388D10070C39A /* Project object */;
}
